
Microsoft Visual Studio Solution File, Format Version 12.00
# Visual Studio 2013
VisualStudioVersion = 12.0.30723.0
MinimumVisualStudioVersion = 10.0.40219.1
Project("{FAE04EC0-301F-11D3-BF4B-00C04F79EFBC}") = "SM.Media.Platform.WinRT", "Libraries\SM.Media.Platform.WinRT\SM.Media.Platform.WinRT.csproj", "{7441BE13-D07C-424E-AD1A-54CC78A51E0F}"
EndProject
Project("{2150E333-8FDC-42A3-9474-1A3956D46DE8}") = "Libraries", "Libraries", "{E8B42D48-C2D8-4361-B1D9-C5119CD07727}"
EndProject
Project("{2150E333-8FDC-42A3-9474-1A3956D46DE8}") = "Global", "Global", "{18E868D9-31BC-4D5C-84C9-7BDAC909CFC0}"
	ProjectSection(SolutionItems) = preProject
		Global\GlobalAssemblyInfo.cs = Global\GlobalAssemblyInfo.cs
		Global\LICENSE.txt = Global\LICENSE.txt
		Global\readme.txt = Global\readme.txt
		Global\SM.MediaVersion.cs = Global\SM.MediaVersion.cs
	EndProjectSection
EndProject
Project("{FAE04EC0-301F-11D3-BF4B-00C04F79EFBC}") = "SM.TsParser", "Libraries\SM.TsParser\SM.TsParser.csproj", "{D434DFF7-9DE1-4995-846D-E88DD3595B46}"
EndProject
Project("{FAE04EC0-301F-11D3-BF4B-00C04F79EFBC}") = "SM.Media", "Libraries\SM.Media\SM.Media.csproj", "{5F1CDAC0-D5C9-4C2C-84FD-D2A48D0D9BE9}"
EndProject
Project("{FAE04EC0-301F-11D3-BF4B-00C04F79EFBC}") = "SM.Media.Platform.WP8", "Libraries\SM.Media.Platform.WP8\SM.Media.Platform.WP8.csproj", "{8D1CEC97-F698-4920-9644-EAB0EDB4CDD2}"
EndProject
Project("{FAE04EC0-301F-11D3-BF4B-00C04F79EFBC}") = "SM.Media.MediaPlayer.WP8", "Libraries\SM.Media.MediaPlayer.WP8\SM.Media.MediaPlayer.WP8.csproj", "{503BEB79-3826-4966-9767-F957F1D83E0C}"
EndProject
Project("{FAE04EC0-301F-11D3-BF4B-00C04F79EFBC}") = "NasaTv.Support", "Libraries\NasaTV.Support\NasaTv.Support.csproj", "{50FDC058-B92E-4520-A5D8-FD81B73105CF}"
EndProject
Project("{FAE04EC0-301F-11D3-BF4B-00C04F79EFBC}") = "SM.Media.BackgroundAudioStreamingAgent.WP8", "Libraries\SM.Media.BackgroundAudioStreamingAgent.WP8\SM.Media.BackgroundAudioStreamingAgent.WP8.csproj", "{9F8AF48D-82BA-4CB6-A691-E96E683B96C4}"
EndProject
Project("{2150E333-8FDC-42A3-9474-1A3956D46DE8}") = "Phone", "Phone", "{574A57E7-E167-4558-AEF1-37F95800BC64}"
EndProject
Project("{FAE04EC0-301F-11D3-BF4B-00C04F79EFBC}") = "HlsView.WP8", "Phone\HlsView.WP8\HlsView.WP8.csproj", "{1ECE197B-770D-4BAB-9FB9-653B84077E87}"
EndProject
Project("{FAE04EC0-301F-11D3-BF4B-00C04F79EFBC}") = "BackgroundAudio.Sample.WP8", "Phone\BackgroundAudio.Sample.WP8\BackgroundAudio.Sample.WP8.csproj", "{1B07629E-B64F-44A7-8B40-AAF5FF427571}"
EndProject
Project("{FAE04EC0-301F-11D3-BF4B-00C04F79EFBC}") = "NasaTv.WP8", "Phone\NasaTv.WP8\NasaTv.WP8.csproj", "{61F1B892-D57C-4609-A476-ECBF61B93AD5}"
EndProject
Project("{FAE04EC0-301F-11D3-BF4B-00C04F79EFBC}") = "SamplePlayer.WP8", "Phone\SamplePlayer.WP8\SamplePlayer.WP8.csproj", "{2D377FFD-DFB4-4767-B8C2-F87D0C453A9E}"
EndProject
Project("{2150E333-8FDC-42A3-9474-1A3956D46DE8}") = "Console", "Console", "{682C3DE3-DCB6-435C-8ACE-F43F2ED3C06F}"
EndProject
Project("{FAE04EC0-301F-11D3-BF4B-00C04F79EFBC}") = "AacDump", "Console\AacDump\AacDump.csproj", "{AFED1B57-0548-4394-890C-DE7984F7782C}"
EndProject
Project("{FAE04EC0-301F-11D3-BF4B-00C04F79EFBC}") = "ComputeCrcTable", "Console\ComputeCrcTable\ComputeCrcTable.csproj", "{7643E59E-B01D-4A63-8917-8D10150111E9}"
EndProject
Project("{FAE04EC0-301F-11D3-BF4B-00C04F79EFBC}") = "M3U8Dump", "Console\M3U8Dump\M3U8Dump.csproj", "{AAD0A00B-CEC2-4DC0-9C88-743973C587F8}"
EndProject
Project("{FAE04EC0-301F-11D3-BF4B-00C04F79EFBC}") = "NalDump", "Console\NalDump\NalDump.csproj", "{79634A92-D8B5-4965-BFC3-D95BC28BCFB6}"
EndProject
Project("{FAE04EC0-301F-11D3-BF4B-00C04F79EFBC}") = "TsDump", "Console\TsDump\TsDump.csproj", "{25B0AFE8-BE3A-4C36-A8D3-9B5D5AF5C325}"
EndProject
Project("{FAE04EC0-301F-11D3-BF4B-00C04F79EFBC}") = "SM.Media.Platform.Desktop", "Libraries\SM.Media.Platform.Desktop\SM.Media.Platform.Desktop.csproj", "{D8D466D7-46E7-4B4A-8A5E-EE2ECF4411D2}"
EndProject
Project("{FAE04EC0-301F-11D3-BF4B-00C04F79EFBC}") = "SimulatedPlayer", "Console\SimulatedPlayer\SimulatedPlayer.csproj", "{0D722FD0-5BC6-4468-B6B9-0C89261E746A}"
EndProject
Project("{2150E333-8FDC-42A3-9474-1A3956D46DE8}") = "App", "App", "{E1FD0E23-4054-47AE-8287-0E1549AAF0B2}"
EndProject
Project("{2150E333-8FDC-42A3-9474-1A3956D46DE8}") = "WinRT", "WinRT", "{42933BAF-F45A-4729-846C-29BEF418FBF6}"
EndProject
Project("{FAE04EC0-301F-11D3-BF4B-00C04F79EFBC}") = "SM.Media.Builder", "Libraries\SM.Media.Builder\SM.Media.Builder.csproj", "{E7DDFAD9-00BD-4F60-8873-4A34B80E9ACB}"
EndProject
Project("{FAE04EC0-301F-11D3-BF4B-00C04F79EFBC}") = "HlsView.Win81", "App\WinRT\HlsView.Win81\HlsView.Win81.csproj", "{1A62ED9E-93D9-4C0C-B4B9-DA18A694EE37}"
EndProject
Project("{FAE04EC0-301F-11D3-BF4B-00C04F79EFBC}") = "Mp3Dump", "Console\Mp3Dump\Mp3Dump.csproj", "{9DE79360-A0EE-41DA-AB45-A3448BE20AAE}"
EndProject
Project("{2150E333-8FDC-42A3-9474-1A3956D46DE8}") = ".nuget", ".nuget", "{37B4DE8F-E9BD-463B-81EC-6CE96BFAEF7D}"
	ProjectSection(SolutionItems) = preProject
		.nuget\NuGet.Config = .nuget\NuGet.Config
	EndProjectSection
EndProject
Project("{2150E333-8FDC-42A3-9474-1A3956D46DE8}") = "HlsView", "HlsView", "{DCBDA9D2-0616-434F-88D3-76E668D9796E}"
EndProject
Project("{D954291E-2A0B-460D-934E-DC6B0785DB48}") = "HlsView.WinRT.Shared", "App\WinRT\HlsView.WinRT.Shared\HlsView.WinRT.Shared.shproj", "{7D9F3B7C-F572-4E3E-9DC4-8FB11CE51977}"
EndProject
Project("{FAE04EC0-301F-11D3-BF4B-00C04F79EFBC}") = "HlsView.WP81", "App\WinRT\HlsView.WP81\HlsView.WP81.csproj", "{D31CCB38-39BE-4508-B49A-E2E71265E5F2}"
EndProject
Project("{FAE04EC0-301F-11D3-BF4B-00C04F79EFBC}") = "SM.Media.MediaPlayer.Win81", "Libraries\SM.Media.MediaPlayer.Win81\SM.Media.MediaPlayer.Win81.csproj", "{DA68691E-22BB-4479-A357-49E761B45E3F}"
EndProject
Project("{FAE04EC0-301F-11D3-BF4B-00C04F79EFBC}") = "SM.Media.MediaPlayer.WP81", "Libraries\SM.Media.MediaPlayer.WP81\SM.Media.MediaPlayer.WP81.csproj", "{0E64C570-7E84-45E2-A2AC-75AE3C529FF2}"
EndProject
Project("{FAE04EC0-301F-11D3-BF4B-00C04F79EFBC}") = "SamplePlayer.Win81", "App\WinRT\SamplePlayer.Win81\SamplePlayer.Win81.csproj", "{60909973-3882-4306-8236-C188ED185CA8}"
EndProject
Project("{2150E333-8FDC-42A3-9474-1A3956D46DE8}") = "SamplePlayer", "SamplePlayer", "{A4BF1AB6-A875-45D2-8ADE-13939815A900}"
EndProject
Project("{D954291E-2A0B-460D-934E-DC6B0785DB48}") = "SamplePlayer.WinRT.Shared", "App\WinRT\SamplePlayer.WinRT.Shared\SamplePlayer.WinRT.Shared.shproj", "{B0A3B688-F2EC-4066-ACDE-92C281C332B2}"
EndProject
Project("{FAE04EC0-301F-11D3-BF4B-00C04F79EFBC}") = "SamplePlayer.WP81", "App\WinRT\SamplePlayer.WP81\SamplePlayer.WP81.csproj", "{283E62BC-4128-4DBB-BBC5-A1EE2CEBE822}"
EndProject
Global
	GlobalSection(SharedMSBuildProjectFiles) = preSolution
		App\WinRT\SamplePlayer.WinRT.Shared\SamplePlayer.WinRT.Shared.projitems*{60909973-3882-4306-8236-c188ed185ca8}*SharedItemsImports = 4
		App\WinRT\SamplePlayer.WinRT.Shared\SamplePlayer.WinRT.Shared.projitems*{283e62bc-4128-4dbb-bbc5-a1ee2cebe822}*SharedItemsImports = 4
		App\WinRT\SamplePlayer.WinRT.Shared\SamplePlayer.WinRT.Shared.projitems*{b0a3b688-f2ec-4066-acde-92c281c332b2}*SharedItemsImports = 13
		App\WinRT\HlsView.WinRT.Shared\HlsView.WinRT.Shared.projitems*{7d9f3b7c-f572-4e3e-9dc4-8fb11ce51977}*SharedItemsImports = 13
		App\WinRT\HlsView.WinRT.Shared\HlsView.WinRT.Shared.projitems*{d31ccb38-39be-4508-b49a-e2e71265e5f2}*SharedItemsImports = 4
		App\WinRT\HlsView.WinRT.Shared\HlsView.WinRT.Shared.projitems*{1a62ed9e-93d9-4c0c-b4b9-da18a694ee37}*SharedItemsImports = 4
	EndGlobalSection
	GlobalSection(SolutionConfigurationPlatforms) = preSolution
		Debug|ARM = Debug|ARM
		Debug|x64 = Debug|x64
		Debug|x86 = Debug|x86
		Release|ARM = Release|ARM
		Release|x64 = Release|x64
		Release|x86 = Release|x86
	EndGlobalSection
	GlobalSection(ProjectConfigurationPlatforms) = postSolution
		{7441BE13-D07C-424E-AD1A-54CC78A51E0F}.Debug|ARM.ActiveCfg = Debug|Any CPU
		{7441BE13-D07C-424E-AD1A-54CC78A51E0F}.Debug|ARM.Build.0 = Debug|Any CPU
		{7441BE13-D07C-424E-AD1A-54CC78A51E0F}.Debug|x64.ActiveCfg = Debug|Any CPU
		{7441BE13-D07C-424E-AD1A-54CC78A51E0F}.Debug|x64.Build.0 = Debug|Any CPU
		{7441BE13-D07C-424E-AD1A-54CC78A51E0F}.Debug|x86.ActiveCfg = Debug|Any CPU
		{7441BE13-D07C-424E-AD1A-54CC78A51E0F}.Debug|x86.Build.0 = Debug|Any CPU
		{7441BE13-D07C-424E-AD1A-54CC78A51E0F}.Release|ARM.ActiveCfg = Release|Any CPU
		{7441BE13-D07C-424E-AD1A-54CC78A51E0F}.Release|ARM.Build.0 = Release|Any CPU
		{7441BE13-D07C-424E-AD1A-54CC78A51E0F}.Release|x64.ActiveCfg = Release|Any CPU
		{7441BE13-D07C-424E-AD1A-54CC78A51E0F}.Release|x64.Build.0 = Release|Any CPU
		{7441BE13-D07C-424E-AD1A-54CC78A51E0F}.Release|x86.ActiveCfg = Release|Any CPU
		{7441BE13-D07C-424E-AD1A-54CC78A51E0F}.Release|x86.Build.0 = Release|Any CPU
		{D434DFF7-9DE1-4995-846D-E88DD3595B46}.Debug|ARM.ActiveCfg = Debug|Any CPU
		{D434DFF7-9DE1-4995-846D-E88DD3595B46}.Debug|ARM.Build.0 = Debug|Any CPU
		{D434DFF7-9DE1-4995-846D-E88DD3595B46}.Debug|x64.ActiveCfg = Debug|Any CPU
		{D434DFF7-9DE1-4995-846D-E88DD3595B46}.Debug|x64.Build.0 = Debug|Any CPU
		{D434DFF7-9DE1-4995-846D-E88DD3595B46}.Debug|x86.ActiveCfg = Debug|Any CPU
		{D434DFF7-9DE1-4995-846D-E88DD3595B46}.Debug|x86.Build.0 = Debug|Any CPU
		{D434DFF7-9DE1-4995-846D-E88DD3595B46}.Release|ARM.ActiveCfg = Release|Any CPU
		{D434DFF7-9DE1-4995-846D-E88DD3595B46}.Release|ARM.Build.0 = Release|Any CPU
		{D434DFF7-9DE1-4995-846D-E88DD3595B46}.Release|x64.ActiveCfg = Release|Any CPU
		{D434DFF7-9DE1-4995-846D-E88DD3595B46}.Release|x64.Build.0 = Release|Any CPU
		{D434DFF7-9DE1-4995-846D-E88DD3595B46}.Release|x86.ActiveCfg = Release|Any CPU
		{D434DFF7-9DE1-4995-846D-E88DD3595B46}.Release|x86.Build.0 = Release|Any CPU
		{5F1CDAC0-D5C9-4C2C-84FD-D2A48D0D9BE9}.Debug|ARM.ActiveCfg = Debug|Any CPU
		{5F1CDAC0-D5C9-4C2C-84FD-D2A48D0D9BE9}.Debug|ARM.Build.0 = Debug|Any CPU
		{5F1CDAC0-D5C9-4C2C-84FD-D2A48D0D9BE9}.Debug|x64.ActiveCfg = Debug|Any CPU
		{5F1CDAC0-D5C9-4C2C-84FD-D2A48D0D9BE9}.Debug|x64.Build.0 = Debug|Any CPU
		{5F1CDAC0-D5C9-4C2C-84FD-D2A48D0D9BE9}.Debug|x86.ActiveCfg = Debug|Any CPU
		{5F1CDAC0-D5C9-4C2C-84FD-D2A48D0D9BE9}.Debug|x86.Build.0 = Debug|Any CPU
		{5F1CDAC0-D5C9-4C2C-84FD-D2A48D0D9BE9}.Release|ARM.ActiveCfg = Release|Any CPU
		{5F1CDAC0-D5C9-4C2C-84FD-D2A48D0D9BE9}.Release|ARM.Build.0 = Release|Any CPU
		{5F1CDAC0-D5C9-4C2C-84FD-D2A48D0D9BE9}.Release|x64.ActiveCfg = Release|Any CPU
		{5F1CDAC0-D5C9-4C2C-84FD-D2A48D0D9BE9}.Release|x64.Build.0 = Release|Any CPU
		{5F1CDAC0-D5C9-4C2C-84FD-D2A48D0D9BE9}.Release|x86.ActiveCfg = Release|Any CPU
		{5F1CDAC0-D5C9-4C2C-84FD-D2A48D0D9BE9}.Release|x86.Build.0 = Release|Any CPU
		{8D1CEC97-F698-4920-9644-EAB0EDB4CDD2}.Debug|ARM.ActiveCfg = Debug|ARM
		{8D1CEC97-F698-4920-9644-EAB0EDB4CDD2}.Debug|ARM.Build.0 = Debug|ARM
		{8D1CEC97-F698-4920-9644-EAB0EDB4CDD2}.Debug|x64.ActiveCfg = Debug|x86
		{8D1CEC97-F698-4920-9644-EAB0EDB4CDD2}.Debug|x86.ActiveCfg = Debug|x86
		{8D1CEC97-F698-4920-9644-EAB0EDB4CDD2}.Debug|x86.Build.0 = Debug|x86
		{8D1CEC97-F698-4920-9644-EAB0EDB4CDD2}.Release|ARM.ActiveCfg = Release|ARM
		{8D1CEC97-F698-4920-9644-EAB0EDB4CDD2}.Release|ARM.Build.0 = Release|ARM
		{8D1CEC97-F698-4920-9644-EAB0EDB4CDD2}.Release|x64.ActiveCfg = Release|x86
		{8D1CEC97-F698-4920-9644-EAB0EDB4CDD2}.Release|x86.ActiveCfg = Release|x86
		{8D1CEC97-F698-4920-9644-EAB0EDB4CDD2}.Release|x86.Build.0 = Release|x86
		{503BEB79-3826-4966-9767-F957F1D83E0C}.Debug|ARM.ActiveCfg = Debug|ARM
		{503BEB79-3826-4966-9767-F957F1D83E0C}.Debug|ARM.Build.0 = Debug|ARM
		{503BEB79-3826-4966-9767-F957F1D83E0C}.Debug|x64.ActiveCfg = Debug|x86
		{503BEB79-3826-4966-9767-F957F1D83E0C}.Debug|x86.ActiveCfg = Debug|x86
		{503BEB79-3826-4966-9767-F957F1D83E0C}.Debug|x86.Build.0 = Debug|x86
		{503BEB79-3826-4966-9767-F957F1D83E0C}.Release|ARM.ActiveCfg = Release|ARM
		{503BEB79-3826-4966-9767-F957F1D83E0C}.Release|ARM.Build.0 = Release|ARM
		{503BEB79-3826-4966-9767-F957F1D83E0C}.Release|x64.ActiveCfg = Release|x86
		{503BEB79-3826-4966-9767-F957F1D83E0C}.Release|x86.ActiveCfg = Release|x86
		{503BEB79-3826-4966-9767-F957F1D83E0C}.Release|x86.Build.0 = Release|x86
		{50FDC058-B92E-4520-A5D8-FD81B73105CF}.Debug|ARM.ActiveCfg = Debug|ARM
		{50FDC058-B92E-4520-A5D8-FD81B73105CF}.Debug|ARM.Build.0 = Debug|ARM
		{50FDC058-B92E-4520-A5D8-FD81B73105CF}.Debug|x64.ActiveCfg = Debug|Any CPU
		{50FDC058-B92E-4520-A5D8-FD81B73105CF}.Debug|x86.ActiveCfg = Debug|x86
		{50FDC058-B92E-4520-A5D8-FD81B73105CF}.Debug|x86.Build.0 = Debug|x86
		{50FDC058-B92E-4520-A5D8-FD81B73105CF}.Release|ARM.ActiveCfg = Release|ARM
		{50FDC058-B92E-4520-A5D8-FD81B73105CF}.Release|ARM.Build.0 = Release|ARM
		{50FDC058-B92E-4520-A5D8-FD81B73105CF}.Release|x64.ActiveCfg = Release|Any CPU
		{50FDC058-B92E-4520-A5D8-FD81B73105CF}.Release|x86.ActiveCfg = Release|x86
		{50FDC058-B92E-4520-A5D8-FD81B73105CF}.Release|x86.Build.0 = Release|x86
		{9F8AF48D-82BA-4CB6-A691-E96E683B96C4}.Debug|ARM.ActiveCfg = Debug|ARM
		{9F8AF48D-82BA-4CB6-A691-E96E683B96C4}.Debug|ARM.Build.0 = Debug|ARM
		{9F8AF48D-82BA-4CB6-A691-E96E683B96C4}.Debug|x64.ActiveCfg = Debug|x86
		{9F8AF48D-82BA-4CB6-A691-E96E683B96C4}.Debug|x86.ActiveCfg = Debug|x86
		{9F8AF48D-82BA-4CB6-A691-E96E683B96C4}.Debug|x86.Build.0 = Debug|x86
		{9F8AF48D-82BA-4CB6-A691-E96E683B96C4}.Release|ARM.ActiveCfg = Release|ARM
		{9F8AF48D-82BA-4CB6-A691-E96E683B96C4}.Release|ARM.Build.0 = Release|ARM
		{9F8AF48D-82BA-4CB6-A691-E96E683B96C4}.Release|x64.ActiveCfg = Release|x86
		{9F8AF48D-82BA-4CB6-A691-E96E683B96C4}.Release|x86.ActiveCfg = Release|x86
		{9F8AF48D-82BA-4CB6-A691-E96E683B96C4}.Release|x86.Build.0 = Release|x86
		{1ECE197B-770D-4BAB-9FB9-653B84077E87}.Debug|ARM.ActiveCfg = Debug|ARM
		{1ECE197B-770D-4BAB-9FB9-653B84077E87}.Debug|ARM.Build.0 = Debug|ARM
		{1ECE197B-770D-4BAB-9FB9-653B84077E87}.Debug|ARM.Deploy.0 = Debug|ARM
		{1ECE197B-770D-4BAB-9FB9-653B84077E87}.Debug|x64.ActiveCfg = Debug|x86
		{1ECE197B-770D-4BAB-9FB9-653B84077E87}.Debug|x86.ActiveCfg = Debug|x86
		{1ECE197B-770D-4BAB-9FB9-653B84077E87}.Debug|x86.Build.0 = Debug|x86
		{1ECE197B-770D-4BAB-9FB9-653B84077E87}.Debug|x86.Deploy.0 = Debug|x86
		{1ECE197B-770D-4BAB-9FB9-653B84077E87}.Release|ARM.ActiveCfg = Release|ARM
		{1ECE197B-770D-4BAB-9FB9-653B84077E87}.Release|ARM.Build.0 = Release|ARM
		{1ECE197B-770D-4BAB-9FB9-653B84077E87}.Release|ARM.Deploy.0 = Release|ARM
		{1ECE197B-770D-4BAB-9FB9-653B84077E87}.Release|x64.ActiveCfg = Release|x86
		{1ECE197B-770D-4BAB-9FB9-653B84077E87}.Release|x86.ActiveCfg = Release|x86
		{1ECE197B-770D-4BAB-9FB9-653B84077E87}.Release|x86.Build.0 = Release|x86
		{1ECE197B-770D-4BAB-9FB9-653B84077E87}.Release|x86.Deploy.0 = Release|x86
		{1B07629E-B64F-44A7-8B40-AAF5FF427571}.Debug|ARM.ActiveCfg = Debug|ARM
		{1B07629E-B64F-44A7-8B40-AAF5FF427571}.Debug|ARM.Build.0 = Debug|ARM
		{1B07629E-B64F-44A7-8B40-AAF5FF427571}.Debug|ARM.Deploy.0 = Debug|ARM
		{1B07629E-B64F-44A7-8B40-AAF5FF427571}.Debug|x64.ActiveCfg = Debug|x86
		{1B07629E-B64F-44A7-8B40-AAF5FF427571}.Debug|x86.ActiveCfg = Debug|x86
		{1B07629E-B64F-44A7-8B40-AAF5FF427571}.Debug|x86.Build.0 = Debug|x86
		{1B07629E-B64F-44A7-8B40-AAF5FF427571}.Debug|x86.Deploy.0 = Debug|x86
		{1B07629E-B64F-44A7-8B40-AAF5FF427571}.Release|ARM.ActiveCfg = Release|ARM
		{1B07629E-B64F-44A7-8B40-AAF5FF427571}.Release|ARM.Build.0 = Release|ARM
		{1B07629E-B64F-44A7-8B40-AAF5FF427571}.Release|ARM.Deploy.0 = Release|ARM
		{1B07629E-B64F-44A7-8B40-AAF5FF427571}.Release|x64.ActiveCfg = Release|x86
		{1B07629E-B64F-44A7-8B40-AAF5FF427571}.Release|x86.ActiveCfg = Release|x86
		{1B07629E-B64F-44A7-8B40-AAF5FF427571}.Release|x86.Build.0 = Release|x86
		{1B07629E-B64F-44A7-8B40-AAF5FF427571}.Release|x86.Deploy.0 = Release|x86
		{61F1B892-D57C-4609-A476-ECBF61B93AD5}.Debug|ARM.ActiveCfg = Debug|ARM
		{61F1B892-D57C-4609-A476-ECBF61B93AD5}.Debug|ARM.Build.0 = Debug|ARM
		{61F1B892-D57C-4609-A476-ECBF61B93AD5}.Debug|ARM.Deploy.0 = Debug|ARM
		{61F1B892-D57C-4609-A476-ECBF61B93AD5}.Debug|x64.ActiveCfg = Debug|x86
		{61F1B892-D57C-4609-A476-ECBF61B93AD5}.Debug|x86.ActiveCfg = Debug|x86
		{61F1B892-D57C-4609-A476-ECBF61B93AD5}.Debug|x86.Build.0 = Debug|x86
		{61F1B892-D57C-4609-A476-ECBF61B93AD5}.Debug|x86.Deploy.0 = Debug|x86
		{61F1B892-D57C-4609-A476-ECBF61B93AD5}.Release|ARM.ActiveCfg = Release|ARM
		{61F1B892-D57C-4609-A476-ECBF61B93AD5}.Release|ARM.Build.0 = Release|ARM
		{61F1B892-D57C-4609-A476-ECBF61B93AD5}.Release|ARM.Deploy.0 = Release|ARM
		{61F1B892-D57C-4609-A476-ECBF61B93AD5}.Release|x64.ActiveCfg = Release|x86
		{61F1B892-D57C-4609-A476-ECBF61B93AD5}.Release|x86.ActiveCfg = Release|x86
		{61F1B892-D57C-4609-A476-ECBF61B93AD5}.Release|x86.Build.0 = Release|x86
		{61F1B892-D57C-4609-A476-ECBF61B93AD5}.Release|x86.Deploy.0 = Release|x86
		{2D377FFD-DFB4-4767-B8C2-F87D0C453A9E}.Debug|ARM.ActiveCfg = Debug|ARM
		{2D377FFD-DFB4-4767-B8C2-F87D0C453A9E}.Debug|ARM.Build.0 = Debug|ARM
		{2D377FFD-DFB4-4767-B8C2-F87D0C453A9E}.Debug|ARM.Deploy.0 = Debug|ARM
		{2D377FFD-DFB4-4767-B8C2-F87D0C453A9E}.Debug|x64.ActiveCfg = Debug|x86
		{2D377FFD-DFB4-4767-B8C2-F87D0C453A9E}.Debug|x86.ActiveCfg = Debug|x86
		{2D377FFD-DFB4-4767-B8C2-F87D0C453A9E}.Debug|x86.Build.0 = Debug|x86
		{2D377FFD-DFB4-4767-B8C2-F87D0C453A9E}.Debug|x86.Deploy.0 = Debug|x86
		{2D377FFD-DFB4-4767-B8C2-F87D0C453A9E}.Release|ARM.ActiveCfg = Release|ARM
		{2D377FFD-DFB4-4767-B8C2-F87D0C453A9E}.Release|ARM.Build.0 = Release|ARM
		{2D377FFD-DFB4-4767-B8C2-F87D0C453A9E}.Release|ARM.Deploy.0 = Release|ARM
		{2D377FFD-DFB4-4767-B8C2-F87D0C453A9E}.Release|x64.ActiveCfg = Release|x86
		{2D377FFD-DFB4-4767-B8C2-F87D0C453A9E}.Release|x86.ActiveCfg = Release|x86
		{2D377FFD-DFB4-4767-B8C2-F87D0C453A9E}.Release|x86.Build.0 = Release|x86
		{2D377FFD-DFB4-4767-B8C2-F87D0C453A9E}.Release|x86.Deploy.0 = Release|x86
		{AFED1B57-0548-4394-890C-DE7984F7782C}.Debug|ARM.ActiveCfg = Debug|Any CPU
		{AFED1B57-0548-4394-890C-DE7984F7782C}.Debug|x64.ActiveCfg = Debug|Any CPU
		{AFED1B57-0548-4394-890C-DE7984F7782C}.Debug|x64.Build.0 = Debug|Any CPU
		{AFED1B57-0548-4394-890C-DE7984F7782C}.Debug|x86.ActiveCfg = Debug|Any CPU
		{AFED1B57-0548-4394-890C-DE7984F7782C}.Debug|x86.Build.0 = Debug|Any CPU
		{AFED1B57-0548-4394-890C-DE7984F7782C}.Release|ARM.ActiveCfg = Release|Any CPU
		{AFED1B57-0548-4394-890C-DE7984F7782C}.Release|x64.ActiveCfg = Release|Any CPU
		{AFED1B57-0548-4394-890C-DE7984F7782C}.Release|x64.Build.0 = Release|Any CPU
		{AFED1B57-0548-4394-890C-DE7984F7782C}.Release|x86.ActiveCfg = Release|Any CPU
		{AFED1B57-0548-4394-890C-DE7984F7782C}.Release|x86.Build.0 = Release|Any CPU
		{7643E59E-B01D-4A63-8917-8D10150111E9}.Debug|ARM.ActiveCfg = Debug|x86
		{7643E59E-B01D-4A63-8917-8D10150111E9}.Debug|x64.ActiveCfg = Debug|x86
		{7643E59E-B01D-4A63-8917-8D10150111E9}.Debug|x86.ActiveCfg = Debug|x86
		{7643E59E-B01D-4A63-8917-8D10150111E9}.Debug|x86.Build.0 = Debug|x86
		{7643E59E-B01D-4A63-8917-8D10150111E9}.Release|ARM.ActiveCfg = Release|x86
		{7643E59E-B01D-4A63-8917-8D10150111E9}.Release|x64.ActiveCfg = Release|x86
		{7643E59E-B01D-4A63-8917-8D10150111E9}.Release|x86.ActiveCfg = Release|x86
		{7643E59E-B01D-4A63-8917-8D10150111E9}.Release|x86.Build.0 = Release|x86
		{AAD0A00B-CEC2-4DC0-9C88-743973C587F8}.Debug|ARM.ActiveCfg = Debug|Any CPU
		{AAD0A00B-CEC2-4DC0-9C88-743973C587F8}.Debug|x64.ActiveCfg = Debug|Any CPU
		{AAD0A00B-CEC2-4DC0-9C88-743973C587F8}.Debug|x64.Build.0 = Debug|Any CPU
		{AAD0A00B-CEC2-4DC0-9C88-743973C587F8}.Debug|x86.ActiveCfg = Debug|Any CPU
		{AAD0A00B-CEC2-4DC0-9C88-743973C587F8}.Debug|x86.Build.0 = Debug|Any CPU
		{AAD0A00B-CEC2-4DC0-9C88-743973C587F8}.Release|ARM.ActiveCfg = Release|Any CPU
		{AAD0A00B-CEC2-4DC0-9C88-743973C587F8}.Release|x64.ActiveCfg = Release|Any CPU
		{AAD0A00B-CEC2-4DC0-9C88-743973C587F8}.Release|x64.Build.0 = Release|Any CPU
		{AAD0A00B-CEC2-4DC0-9C88-743973C587F8}.Release|x86.ActiveCfg = Release|Any CPU
		{AAD0A00B-CEC2-4DC0-9C88-743973C587F8}.Release|x86.Build.0 = Release|Any CPU
		{79634A92-D8B5-4965-BFC3-D95BC28BCFB6}.Debug|ARM.ActiveCfg = Debug|Any CPU
		{79634A92-D8B5-4965-BFC3-D95BC28BCFB6}.Debug|x64.ActiveCfg = Debug|Any CPU
		{79634A92-D8B5-4965-BFC3-D95BC28BCFB6}.Debug|x64.Build.0 = Debug|Any CPU
		{79634A92-D8B5-4965-BFC3-D95BC28BCFB6}.Debug|x86.ActiveCfg = Debug|Any CPU
		{79634A92-D8B5-4965-BFC3-D95BC28BCFB6}.Debug|x86.Build.0 = Debug|Any CPU
		{79634A92-D8B5-4965-BFC3-D95BC28BCFB6}.Release|ARM.ActiveCfg = Release|Any CPU
		{79634A92-D8B5-4965-BFC3-D95BC28BCFB6}.Release|x64.ActiveCfg = Release|Any CPU
		{79634A92-D8B5-4965-BFC3-D95BC28BCFB6}.Release|x64.Build.0 = Release|Any CPU
		{79634A92-D8B5-4965-BFC3-D95BC28BCFB6}.Release|x86.ActiveCfg = Release|Any CPU
		{79634A92-D8B5-4965-BFC3-D95BC28BCFB6}.Release|x86.Build.0 = Release|Any CPU
		{25B0AFE8-BE3A-4C36-A8D3-9B5D5AF5C325}.Debug|ARM.ActiveCfg = Debug|x86
		{25B0AFE8-BE3A-4C36-A8D3-9B5D5AF5C325}.Debug|x64.ActiveCfg = Debug|x86
		{25B0AFE8-BE3A-4C36-A8D3-9B5D5AF5C325}.Debug|x64.Build.0 = Debug|x86
		{25B0AFE8-BE3A-4C36-A8D3-9B5D5AF5C325}.Debug|x86.ActiveCfg = Debug|x86
		{25B0AFE8-BE3A-4C36-A8D3-9B5D5AF5C325}.Debug|x86.Build.0 = Debug|x86
		{25B0AFE8-BE3A-4C36-A8D3-9B5D5AF5C325}.Release|ARM.ActiveCfg = Release|x86
		{25B0AFE8-BE3A-4C36-A8D3-9B5D5AF5C325}.Release|x64.ActiveCfg = Release|x86
		{25B0AFE8-BE3A-4C36-A8D3-9B5D5AF5C325}.Release|x64.Build.0 = Release|x86
		{25B0AFE8-BE3A-4C36-A8D3-9B5D5AF5C325}.Release|x86.ActiveCfg = Release|x86
		{25B0AFE8-BE3A-4C36-A8D3-9B5D5AF5C325}.Release|x86.Build.0 = Release|x86
		{D8D466D7-46E7-4B4A-8A5E-EE2ECF4411D2}.Debug|ARM.ActiveCfg = Debug|Any CPU
		{D8D466D7-46E7-4B4A-8A5E-EE2ECF4411D2}.Debug|x64.ActiveCfg = Debug|Any CPU
		{D8D466D7-46E7-4B4A-8A5E-EE2ECF4411D2}.Debug|x64.Build.0 = Debug|Any CPU
		{D8D466D7-46E7-4B4A-8A5E-EE2ECF4411D2}.Debug|x86.ActiveCfg = Debug|Any CPU
		{D8D466D7-46E7-4B4A-8A5E-EE2ECF4411D2}.Debug|x86.Build.0 = Debug|Any CPU
		{D8D466D7-46E7-4B4A-8A5E-EE2ECF4411D2}.Release|ARM.ActiveCfg = Release|Any CPU
		{D8D466D7-46E7-4B4A-8A5E-EE2ECF4411D2}.Release|x64.ActiveCfg = Release|Any CPU
		{D8D466D7-46E7-4B4A-8A5E-EE2ECF4411D2}.Release|x64.Build.0 = Release|Any CPU
		{D8D466D7-46E7-4B4A-8A5E-EE2ECF4411D2}.Release|x86.ActiveCfg = Release|Any CPU
		{D8D466D7-46E7-4B4A-8A5E-EE2ECF4411D2}.Release|x86.Build.0 = Release|Any CPU
		{0D722FD0-5BC6-4468-B6B9-0C89261E746A}.Debug|ARM.ActiveCfg = Debug|Any CPU
		{0D722FD0-5BC6-4468-B6B9-0C89261E746A}.Debug|x64.ActiveCfg = Debug|Any CPU
		{0D722FD0-5BC6-4468-B6B9-0C89261E746A}.Debug|x64.Build.0 = Debug|Any CPU
		{0D722FD0-5BC6-4468-B6B9-0C89261E746A}.Debug|x86.ActiveCfg = Debug|Any CPU
		{0D722FD0-5BC6-4468-B6B9-0C89261E746A}.Debug|x86.Build.0 = Debug|Any CPU
		{0D722FD0-5BC6-4468-B6B9-0C89261E746A}.Release|ARM.ActiveCfg = Release|Any CPU
		{0D722FD0-5BC6-4468-B6B9-0C89261E746A}.Release|x64.ActiveCfg = Release|Any CPU
		{0D722FD0-5BC6-4468-B6B9-0C89261E746A}.Release|x86.ActiveCfg = Release|Any CPU
		{0D722FD0-5BC6-4468-B6B9-0C89261E746A}.Release|x86.Build.0 = Release|Any CPU
		{E7DDFAD9-00BD-4F60-8873-4A34B80E9ACB}.Debug|ARM.ActiveCfg = Debug|Any CPU
		{E7DDFAD9-00BD-4F60-8873-4A34B80E9ACB}.Debug|ARM.Build.0 = Debug|Any CPU
		{E7DDFAD9-00BD-4F60-8873-4A34B80E9ACB}.Debug|x64.ActiveCfg = Debug|Any CPU
		{E7DDFAD9-00BD-4F60-8873-4A34B80E9ACB}.Debug|x64.Build.0 = Debug|Any CPU
		{E7DDFAD9-00BD-4F60-8873-4A34B80E9ACB}.Debug|x86.ActiveCfg = Debug|Any CPU
		{E7DDFAD9-00BD-4F60-8873-4A34B80E9ACB}.Debug|x86.Build.0 = Debug|Any CPU
		{E7DDFAD9-00BD-4F60-8873-4A34B80E9ACB}.Release|ARM.ActiveCfg = Release|Any CPU
		{E7DDFAD9-00BD-4F60-8873-4A34B80E9ACB}.Release|ARM.Build.0 = Release|Any CPU
		{E7DDFAD9-00BD-4F60-8873-4A34B80E9ACB}.Release|x64.ActiveCfg = Release|Any CPU
		{E7DDFAD9-00BD-4F60-8873-4A34B80E9ACB}.Release|x64.Build.0 = Release|Any CPU
		{E7DDFAD9-00BD-4F60-8873-4A34B80E9ACB}.Release|x86.ActiveCfg = Release|Any CPU
		{E7DDFAD9-00BD-4F60-8873-4A34B80E9ACB}.Release|x86.Build.0 = Release|Any CPU
		{1A62ED9E-93D9-4C0C-B4B9-DA18A694EE37}.Debug|ARM.ActiveCfg = Debug|ARM
		{1A62ED9E-93D9-4C0C-B4B9-DA18A694EE37}.Debug|ARM.Build.0 = Debug|ARM
		{1A62ED9E-93D9-4C0C-B4B9-DA18A694EE37}.Debug|ARM.Deploy.0 = Debug|ARM
		{1A62ED9E-93D9-4C0C-B4B9-DA18A694EE37}.Debug|x64.ActiveCfg = Debug|x64
		{1A62ED9E-93D9-4C0C-B4B9-DA18A694EE37}.Debug|x64.Build.0 = Debug|x64
		{1A62ED9E-93D9-4C0C-B4B9-DA18A694EE37}.Debug|x64.Deploy.0 = Debug|x64
		{1A62ED9E-93D9-4C0C-B4B9-DA18A694EE37}.Debug|x86.ActiveCfg = Debug|x86
		{1A62ED9E-93D9-4C0C-B4B9-DA18A694EE37}.Debug|x86.Build.0 = Debug|x86
		{1A62ED9E-93D9-4C0C-B4B9-DA18A694EE37}.Debug|x86.Deploy.0 = Debug|x86
		{1A62ED9E-93D9-4C0C-B4B9-DA18A694EE37}.Release|ARM.ActiveCfg = Release|ARM
		{1A62ED9E-93D9-4C0C-B4B9-DA18A694EE37}.Release|ARM.Build.0 = Release|ARM
		{1A62ED9E-93D9-4C0C-B4B9-DA18A694EE37}.Release|ARM.Deploy.0 = Release|ARM
		{1A62ED9E-93D9-4C0C-B4B9-DA18A694EE37}.Release|x64.ActiveCfg = Release|x64
		{1A62ED9E-93D9-4C0C-B4B9-DA18A694EE37}.Release|x64.Build.0 = Release|x64
		{1A62ED9E-93D9-4C0C-B4B9-DA18A694EE37}.Release|x64.Deploy.0 = Release|x64
		{1A62ED9E-93D9-4C0C-B4B9-DA18A694EE37}.Release|x86.ActiveCfg = Release|x86
		{1A62ED9E-93D9-4C0C-B4B9-DA18A694EE37}.Release|x86.Build.0 = Release|x86
		{1A62ED9E-93D9-4C0C-B4B9-DA18A694EE37}.Release|x86.Deploy.0 = Release|x86
		{9DE79360-A0EE-41DA-AB45-A3448BE20AAE}.Debug|ARM.ActiveCfg = Debug|Any CPU
		{9DE79360-A0EE-41DA-AB45-A3448BE20AAE}.Debug|x64.ActiveCfg = Debug|Any CPU
		{9DE79360-A0EE-41DA-AB45-A3448BE20AAE}.Debug|x64.Build.0 = Debug|Any CPU
		{9DE79360-A0EE-41DA-AB45-A3448BE20AAE}.Debug|x86.ActiveCfg = Debug|Any CPU
		{9DE79360-A0EE-41DA-AB45-A3448BE20AAE}.Debug|x86.Build.0 = Debug|Any CPU
		{9DE79360-A0EE-41DA-AB45-A3448BE20AAE}.Release|ARM.ActiveCfg = Release|Any CPU
		{9DE79360-A0EE-41DA-AB45-A3448BE20AAE}.Release|x64.ActiveCfg = Release|Any CPU
		{9DE79360-A0EE-41DA-AB45-A3448BE20AAE}.Release|x64.Build.0 = Release|Any CPU
		{9DE79360-A0EE-41DA-AB45-A3448BE20AAE}.Release|x86.ActiveCfg = Release|Any CPU
		{9DE79360-A0EE-41DA-AB45-A3448BE20AAE}.Release|x86.Build.0 = Release|Any CPU
		{D31CCB38-39BE-4508-B49A-E2E71265E5F2}.Debug|ARM.ActiveCfg = Debug|ARM
		{D31CCB38-39BE-4508-B49A-E2E71265E5F2}.Debug|ARM.Build.0 = Debug|ARM
		{D31CCB38-39BE-4508-B49A-E2E71265E5F2}.Debug|ARM.Deploy.0 = Debug|ARM
		{D31CCB38-39BE-4508-B49A-E2E71265E5F2}.Debug|x64.ActiveCfg = Debug|x86
		{D31CCB38-39BE-4508-B49A-E2E71265E5F2}.Debug|x86.ActiveCfg = Debug|x86
		{D31CCB38-39BE-4508-B49A-E2E71265E5F2}.Debug|x86.Build.0 = Debug|x86
		{D31CCB38-39BE-4508-B49A-E2E71265E5F2}.Debug|x86.Deploy.0 = Debug|x86
		{D31CCB38-39BE-4508-B49A-E2E71265E5F2}.Release|ARM.ActiveCfg = Release|ARM
		{D31CCB38-39BE-4508-B49A-E2E71265E5F2}.Release|ARM.Build.0 = Release|ARM
		{D31CCB38-39BE-4508-B49A-E2E71265E5F2}.Release|ARM.Deploy.0 = Release|ARM
		{D31CCB38-39BE-4508-B49A-E2E71265E5F2}.Release|x64.ActiveCfg = Release|x86
		{D31CCB38-39BE-4508-B49A-E2E71265E5F2}.Release|x86.ActiveCfg = Release|x86
		{D31CCB38-39BE-4508-B49A-E2E71265E5F2}.Release|x86.Build.0 = Release|x86
		{D31CCB38-39BE-4508-B49A-E2E71265E5F2}.Release|x86.Deploy.0 = Release|x86
		{DA68691E-22BB-4479-A357-49E761B45E3F}.Debug|ARM.ActiveCfg = Debug|Any CPU
		{DA68691E-22BB-4479-A357-49E761B45E3F}.Debug|ARM.Build.0 = Debug|Any CPU
		{DA68691E-22BB-4479-A357-49E761B45E3F}.Debug|x64.ActiveCfg = Debug|Any CPU
		{DA68691E-22BB-4479-A357-49E761B45E3F}.Debug|x64.Build.0 = Debug|Any CPU
		{DA68691E-22BB-4479-A357-49E761B45E3F}.Debug|x86.ActiveCfg = Debug|Any CPU
		{DA68691E-22BB-4479-A357-49E761B45E3F}.Debug|x86.Build.0 = Debug|Any CPU
		{DA68691E-22BB-4479-A357-49E761B45E3F}.Release|ARM.ActiveCfg = Release|Any CPU
		{DA68691E-22BB-4479-A357-49E761B45E3F}.Release|ARM.Build.0 = Release|Any CPU
		{DA68691E-22BB-4479-A357-49E761B45E3F}.Release|x64.ActiveCfg = Release|Any CPU
		{DA68691E-22BB-4479-A357-49E761B45E3F}.Release|x64.Build.0 = Release|Any CPU
		{DA68691E-22BB-4479-A357-49E761B45E3F}.Release|x86.ActiveCfg = Release|Any CPU
		{DA68691E-22BB-4479-A357-49E761B45E3F}.Release|x86.Build.0 = Release|Any CPU
		{0E64C570-7E84-45E2-A2AC-75AE3C529FF2}.Debug|ARM.ActiveCfg = Debug|Any CPU
		{0E64C570-7E84-45E2-A2AC-75AE3C529FF2}.Debug|ARM.Build.0 = Debug|Any CPU
		{0E64C570-7E84-45E2-A2AC-75AE3C529FF2}.Debug|x64.ActiveCfg = Debug|Any CPU
		{0E64C570-7E84-45E2-A2AC-75AE3C529FF2}.Debug|x86.ActiveCfg = Debug|Any CPU
		{0E64C570-7E84-45E2-A2AC-75AE3C529FF2}.Debug|x86.Build.0 = Debug|Any CPU
		{0E64C570-7E84-45E2-A2AC-75AE3C529FF2}.Release|ARM.ActiveCfg = Release|Any CPU
		{0E64C570-7E84-45E2-A2AC-75AE3C529FF2}.Release|ARM.Build.0 = Release|Any CPU
		{0E64C570-7E84-45E2-A2AC-75AE3C529FF2}.Release|x64.ActiveCfg = Release|Any CPU
		{0E64C570-7E84-45E2-A2AC-75AE3C529FF2}.Release|x86.ActiveCfg = Release|Any CPU
		{0E64C570-7E84-45E2-A2AC-75AE3C529FF2}.Release|x86.Build.0 = Release|Any CPU
		{60909973-3882-4306-8236-C188ED185CA8}.Debug|ARM.ActiveCfg = Debug|ARM
		{60909973-3882-4306-8236-C188ED185CA8}.Debug|ARM.Build.0 = Debug|ARM
		{60909973-3882-4306-8236-C188ED185CA8}.Debug|ARM.Deploy.0 = Debug|ARM
		{60909973-3882-4306-8236-C188ED185CA8}.Debug|x64.ActiveCfg = Debug|x64
		{60909973-3882-4306-8236-C188ED185CA8}.Debug|x64.Build.0 = Debug|x64
		{60909973-3882-4306-8236-C188ED185CA8}.Debug|x64.Deploy.0 = Debug|x64
		{60909973-3882-4306-8236-C188ED185CA8}.Debug|x86.ActiveCfg = Debug|x86
		{60909973-3882-4306-8236-C188ED185CA8}.Debug|x86.Build.0 = Debug|x86
		{60909973-3882-4306-8236-C188ED185CA8}.Debug|x86.Deploy.0 = Debug|x86
		{60909973-3882-4306-8236-C188ED185CA8}.Release|ARM.ActiveCfg = Release|ARM
		{60909973-3882-4306-8236-C188ED185CA8}.Release|ARM.Build.0 = Release|ARM
		{60909973-3882-4306-8236-C188ED185CA8}.Release|ARM.Deploy.0 = Release|ARM
		{60909973-3882-4306-8236-C188ED185CA8}.Release|x64.ActiveCfg = Release|x64
		{60909973-3882-4306-8236-C188ED185CA8}.Release|x64.Build.0 = Release|x64
		{60909973-3882-4306-8236-C188ED185CA8}.Release|x64.Deploy.0 = Release|x64
		{60909973-3882-4306-8236-C188ED185CA8}.Release|x86.ActiveCfg = Release|x86
		{60909973-3882-4306-8236-C188ED185CA8}.Release|x86.Build.0 = Release|x86
		{60909973-3882-4306-8236-C188ED185CA8}.Release|x86.Deploy.0 = Release|x86
		{283E62BC-4128-4DBB-BBC5-A1EE2CEBE822}.Debug|ARM.ActiveCfg = Debug|ARM
		{283E62BC-4128-4DBB-BBC5-A1EE2CEBE822}.Debug|ARM.Build.0 = Debug|ARM
		{283E62BC-4128-4DBB-BBC5-A1EE2CEBE822}.Debug|ARM.Deploy.0 = Debug|ARM
		{283E62BC-4128-4DBB-BBC5-A1EE2CEBE822}.Debug|x64.ActiveCfg = Debug|x86
		{283E62BC-4128-4DBB-BBC5-A1EE2CEBE822}.Debug|x86.ActiveCfg = Debug|x86
		{283E62BC-4128-4DBB-BBC5-A1EE2CEBE822}.Debug|x86.Build.0 = Debug|x86
		{283E62BC-4128-4DBB-BBC5-A1EE2CEBE822}.Debug|x86.Deploy.0 = Debug|x86
		{283E62BC-4128-4DBB-BBC5-A1EE2CEBE822}.Release|ARM.ActiveCfg = Release|ARM
		{283E62BC-4128-4DBB-BBC5-A1EE2CEBE822}.Release|ARM.Build.0 = Release|ARM
		{283E62BC-4128-4DBB-BBC5-A1EE2CEBE822}.Release|ARM.Deploy.0 = Release|ARM
		{283E62BC-4128-4DBB-BBC5-A1EE2CEBE822}.Release|x64.ActiveCfg = Release|x86
		{283E62BC-4128-4DBB-BBC5-A1EE2CEBE822}.Release|x86.ActiveCfg = Release|x86
		{283E62BC-4128-4DBB-BBC5-A1EE2CEBE822}.Release|x86.Build.0 = Release|x86
		{283E62BC-4128-4DBB-BBC5-A1EE2CEBE822}.Release|x86.Deploy.0 = Release|x86
	EndGlobalSection
	GlobalSection(SolutionProperties) = preSolution
		HideSolutionNode = FALSE
	EndGlobalSection
	GlobalSection(NestedProjects) = preSolution
		{7441BE13-D07C-424E-AD1A-54CC78A51E0F} = {E8B42D48-C2D8-4361-B1D9-C5119CD07727}
		{D434DFF7-9DE1-4995-846D-E88DD3595B46} = {E8B42D48-C2D8-4361-B1D9-C5119CD07727}
		{5F1CDAC0-D5C9-4C2C-84FD-D2A48D0D9BE9} = {E8B42D48-C2D8-4361-B1D9-C5119CD07727}
		{8D1CEC97-F698-4920-9644-EAB0EDB4CDD2} = {E8B42D48-C2D8-4361-B1D9-C5119CD07727}
		{503BEB79-3826-4966-9767-F957F1D83E0C} = {E8B42D48-C2D8-4361-B1D9-C5119CD07727}
		{50FDC058-B92E-4520-A5D8-FD81B73105CF} = {E8B42D48-C2D8-4361-B1D9-C5119CD07727}
		{9F8AF48D-82BA-4CB6-A691-E96E683B96C4} = {E8B42D48-C2D8-4361-B1D9-C5119CD07727}
		{574A57E7-E167-4558-AEF1-37F95800BC64} = {E1FD0E23-4054-47AE-8287-0E1549AAF0B2}
		{1ECE197B-770D-4BAB-9FB9-653B84077E87} = {574A57E7-E167-4558-AEF1-37F95800BC64}
		{1B07629E-B64F-44A7-8B40-AAF5FF427571} = {574A57E7-E167-4558-AEF1-37F95800BC64}
		{61F1B892-D57C-4609-A476-ECBF61B93AD5} = {574A57E7-E167-4558-AEF1-37F95800BC64}
		{2D377FFD-DFB4-4767-B8C2-F87D0C453A9E} = {574A57E7-E167-4558-AEF1-37F95800BC64}
		{AFED1B57-0548-4394-890C-DE7984F7782C} = {682C3DE3-DCB6-435C-8ACE-F43F2ED3C06F}
		{7643E59E-B01D-4A63-8917-8D10150111E9} = {682C3DE3-DCB6-435C-8ACE-F43F2ED3C06F}
		{AAD0A00B-CEC2-4DC0-9C88-743973C587F8} = {682C3DE3-DCB6-435C-8ACE-F43F2ED3C06F}
		{79634A92-D8B5-4965-BFC3-D95BC28BCFB6} = {682C3DE3-DCB6-435C-8ACE-F43F2ED3C06F}
		{25B0AFE8-BE3A-4C36-A8D3-9B5D5AF5C325} = {682C3DE3-DCB6-435C-8ACE-F43F2ED3C06F}
		{D8D466D7-46E7-4B4A-8A5E-EE2ECF4411D2} = {E8B42D48-C2D8-4361-B1D9-C5119CD07727}
		{0D722FD0-5BC6-4468-B6B9-0C89261E746A} = {682C3DE3-DCB6-435C-8ACE-F43F2ED3C06F}
		{42933BAF-F45A-4729-846C-29BEF418FBF6} = {E1FD0E23-4054-47AE-8287-0E1549AAF0B2}
		{E7DDFAD9-00BD-4F60-8873-4A34B80E9ACB} = {E8B42D48-C2D8-4361-B1D9-C5119CD07727}
		{1A62ED9E-93D9-4C0C-B4B9-DA18A694EE37} = {DCBDA9D2-0616-434F-88D3-76E668D9796E}
		{9DE79360-A0EE-41DA-AB45-A3448BE20AAE} = {682C3DE3-DCB6-435C-8ACE-F43F2ED3C06F}
		{DCBDA9D2-0616-434F-88D3-76E668D9796E} = {42933BAF-F45A-4729-846C-29BEF418FBF6}
		{7D9F3B7C-F572-4E3E-9DC4-8FB11CE51977} = {DCBDA9D2-0616-434F-88D3-76E668D9796E}
		{D31CCB38-39BE-4508-B49A-E2E71265E5F2} = {DCBDA9D2-0616-434F-88D3-76E668D9796E}
		{DA68691E-22BB-4479-A357-49E761B45E3F} = {E8B42D48-C2D8-4361-B1D9-C5119CD07727}
		{0E64C570-7E84-45E2-A2AC-75AE3C529FF2} = {E8B42D48-C2D8-4361-B1D9-C5119CD07727}
		{60909973-3882-4306-8236-C188ED185CA8} = {A4BF1AB6-A875-45D2-8ADE-13939815A900}
		{A4BF1AB6-A875-45D2-8ADE-13939815A900} = {42933BAF-F45A-4729-846C-29BEF418FBF6}
		{B0A3B688-F2EC-4066-ACDE-92C281C332B2} = {A4BF1AB6-A875-45D2-8ADE-13939815A900}
		{283E62BC-4128-4DBB-BBC5-A1EE2CEBE822} = {A4BF1AB6-A875-45D2-8ADE-13939815A900}
	EndGlobalSection
EndGlobal
