
Microsoft Visual Studio Solution File, Format Version 12.00
# Visual Studio 2012
Project("{FAE04EC0-301F-11D3-BF4B-00C04F79EFBC}") = "SM.TsParser", "Libraries\SM.TsParser\SM.TsParser.csproj", "{D434DFF7-9DE1-4995-846D-E88DD3595B46}"
EndProject
Project("{FAE04EC0-301F-11D3-BF4B-00C04F79EFBC}") = "TsDump", "Console\TsDump\TsDump.csproj", "{25B0AFE8-BE3A-4C36-A8D3-9B5D5AF5C325}"
EndProject
Project("{FAE04EC0-301F-11D3-BF4B-00C04F79EFBC}") = "ComputeCrcTable", "Console\ComputeCrcTable\ComputeCrcTable.csproj", "{7643E59E-B01D-4A63-8917-8D10150111E9}"
EndProject
Project("{FAE04EC0-301F-11D3-BF4B-00C04F79EFBC}") = "HlsView", "Phone\HlsView\HlsView.csproj", "{6FDC38F5-F918-4EB3-B7AA-348B1DD31D80}"
EndProject
Project("{FAE04EC0-301F-11D3-BF4B-00C04F79EFBC}") = "HlsView.WP8", "Phone\HlsView.WP8\HlsView.WP8.csproj", "{1ECE197B-770D-4BAB-9FB9-653B84077E87}"
EndProject
Project("{FAE04EC0-301F-11D3-BF4B-00C04F79EFBC}") = "SM.Media", "Libraries\SM.Media\SM.Media.csproj", "{5F1CDAC0-D5C9-4C2C-84FD-D2A48D0D9BE9}"
EndProject
Project("{FAE04EC0-301F-11D3-BF4B-00C04F79EFBC}") = "SM.Media.Platform.WP7", "Libraries\SM.Media.Platform.WP7\SM.Media.Platform.WP7.csproj", "{89D3F028-F32F-4113-A711-29E4FE9AC877}"
EndProject
Project("{FAE04EC0-301F-11D3-BF4B-00C04F79EFBC}") = "SM.Media.Platform.WP8", "Libraries\SM.Media.Platform.WP8\SM.Media.Platform.WP8.csproj", "{8D1CEC97-F698-4920-9644-EAB0EDB4CDD2}"
EndProject
Project("{FAE04EC0-301F-11D3-BF4B-00C04F79EFBC}") = "M3U8Dump", "Console\M3U8Dump\M3U8Dump.csproj", "{AAD0A00B-CEC2-4DC0-9C88-743973C587F8}"
EndProject
Project("{2150E333-8FDC-42A3-9474-1A3956D46DE8}") = "Console", "Console", "{2AF7A58D-0250-49E7-886F-1D46A978D814}"
EndProject
Project("{2150E333-8FDC-42A3-9474-1A3956D46DE8}") = "Phone", "Phone", "{2331EB7D-8882-4570-88C2-55ECE90FCFC3}"
EndProject
Project("{2150E333-8FDC-42A3-9474-1A3956D46DE8}") = "Libraries", "Libraries", "{0D6454AD-8755-4AA4-82CD-391508D91DDB}"
EndProject
Project("{2150E333-8FDC-42A3-9474-1A3956D46DE8}") = "Global", "Global", "{A73C5F86-FFD5-4034-9443-E3C5F642ADAA}"
	ProjectSection(SolutionItems) = preProject
		Global\GlobalAssemblyInfo.cs = Global\GlobalAssemblyInfo.cs
		Global\LICENSE.txt = Global\LICENSE.txt
		Global\readme.txt = Global\readme.txt
		Global\SM.MediaVersion.cs = Global\SM.MediaVersion.cs
	EndProjectSection
EndProject
Project("{FAE04EC0-301F-11D3-BF4B-00C04F79EFBC}") = "SM.Media.Platform.Desktop", "Libraries\SM.Media.Platform.Desktop\SM.Media.Platform.Desktop.csproj", "{D8D466D7-46E7-4B4A-8A5E-EE2ECF4411D2}"
EndProject
Project("{2150E333-8FDC-42A3-9474-1A3956D46DE8}") = ".nuget", ".nuget", "{2C8133FC-99E4-49B1-BCE8-3817B37068F2}"
	ProjectSection(SolutionItems) = preProject
		.nuget\NuGet.Config = .nuget\NuGet.Config
	EndProjectSection
EndProject
Project("{FAE04EC0-301F-11D3-BF4B-00C04F79EFBC}") = "SM.Media.MediaPlayer.WP8", "Libraries\SM.Media.MediaPlayer.WP8\SM.Media.MediaPlayer.WP8.csproj", "{503BEB79-3826-4966-9767-F957F1D83E0C}"
EndProject
Project("{FAE04EC0-301F-11D3-BF4B-00C04F79EFBC}") = "SamplePlayer.WP8", "Phone\SamplePlayer.WP8\SamplePlayer.WP8.csproj", "{2D377FFD-DFB4-4767-B8C2-F87D0C453A9E}"
EndProject
Project("{FAE04EC0-301F-11D3-BF4B-00C04F79EFBC}") = "SM.Media.MediaPlayer.WP7", "Libraries\SM.Media.MediaPlayer.WP7\SM.Media.MediaPlayer.WP7.csproj", "{C7D17600-4DF4-4E0F-B906-30E68C69BDD4}"
EndProject
Project("{FAE04EC0-301F-11D3-BF4B-00C04F79EFBC}") = "SamplePlayer.WP7", "Phone\SamplePlayer.WP7\SamplePlayer.WP7.csproj", "{CE75F4CA-239E-4BBA-8E7F-C0576050FA9A}"
EndProject
Project("{FAE04EC0-301F-11D3-BF4B-00C04F79EFBC}") = "NalDump", "Console\NalDump\NalDump.csproj", "{79634A92-D8B5-4965-BFC3-D95BC28BCFB6}"
EndProject
Project("{FAE04EC0-301F-11D3-BF4B-00C04F79EFBC}") = "SM.Media.BackgroundAudioStreamingAgent.WP7", "Libraries\SM.Media.BackgroundAudioStreamingAgent.WP7\SM.Media.BackgroundAudioStreamingAgent.WP7.csproj", "{BBC6E962-522E-49B4-BC0B-496A34CFF57C}"
EndProject
Project("{FAE04EC0-301F-11D3-BF4B-00C04F79EFBC}") = "SM.Media.BackgroundAudioStreamingAgent.WP8", "Libraries\SM.Media.BackgroundAudioStreamingAgent.WP8\SM.Media.BackgroundAudioStreamingAgent.WP8.csproj", "{9F8AF48D-82BA-4CB6-A691-E96E683B96C4}"
EndProject
Project("{FAE04EC0-301F-11D3-BF4B-00C04F79EFBC}") = "BackgroundAudio.Sample.WP7", "Phone\BackgroundAudio.Sample.WP7\BackgroundAudio.Sample.WP7.csproj", "{CD17ACA5-B57B-430A-91EC-0FD54BBCE9BD}"
EndProject
Project("{FAE04EC0-301F-11D3-BF4B-00C04F79EFBC}") = "BackgroundAudio.Sample.WP8", "Phone\BackgroundAudio.Sample.WP8\BackgroundAudio.Sample.WP8.csproj", "{1B07629E-B64F-44A7-8B40-AAF5FF427571}"
EndProject
Project("{FAE04EC0-301F-11D3-BF4B-00C04F79EFBC}") = "NasaTv.Support", "Libraries\NasaTV.Support\NasaTv.Support.csproj", "{50FDC058-B92E-4520-A5D8-FD81B73105CF}"
EndProject
Project("{FAE04EC0-301F-11D3-BF4B-00C04F79EFBC}") = "NasaTv.WP7", "Phone\NasaTv.WP7\NasaTv.WP7.csproj", "{EB39B133-25CC-4695-9B56-95C3A7BDBE1F}"
EndProject
Project("{FAE04EC0-301F-11D3-BF4B-00C04F79EFBC}") = "NasaTv.WP8", "Phone\NasaTv.WP8\NasaTv.WP8.csproj", "{61F1B892-D57C-4609-A476-ECBF61B93AD5}"
EndProject
Project("{FAE04EC0-301F-11D3-BF4B-00C04F79EFBC}") = "AacDump", "Console\AacDump\AacDump.csproj", "{AFED1B57-0548-4394-890C-DE7984F7782C}"
EndProject
Project("{FAE04EC0-301F-11D3-BF4B-00C04F79EFBC}") = "SM.TsParser.Legacy", "Libraries\SM.TsParser.Legacy\SM.TsParser.Legacy.csproj", "{CA6F2D9D-5D8B-4E72-BBEF-6D61D86AA1A1}"
EndProject
Project("{FAE04EC0-301F-11D3-BF4B-00C04F79EFBC}") = "SM.Media.Legacy", "Libraries\SM.Media.Legacy\SM.Media.Legacy.csproj", "{37F16220-78C4-4931-BF3A-0A61FAFFE3D5}"
EndProject
Project("{FAE04EC0-301F-11D3-BF4B-00C04F79EFBC}") = "NasaTv.Support.WP7", "Libraries\NasaTv.Support.WP7\NasaTv.Support.WP7.csproj", "{1638317D-AE34-4B93-B2B0-012D8745433B}"
EndProject
Project("{FAE04EC0-301F-11D3-BF4B-00C04F79EFBC}") = "SimulatedPlayer", "Console\SimulatedPlayer\SimulatedPlayer.csproj", "{0D722FD0-5BC6-4468-B6B9-0C89261E746A}"
EndProject
Project("{2150E333-8FDC-42A3-9474-1A3956D46DE8}") = "App", "App", "{7036B990-E241-458B-BE0B-19E21DFCBC81}"
EndProject
Project("{2150E333-8FDC-42A3-9474-1A3956D46DE8}") = "Silverlight", "Silverlight", "{1E0248E6-9002-43B4-8F37-47F0F6FDF988}"
EndProject
Project("{FAE04EC0-301F-11D3-BF4B-00C04F79EFBC}") = "HlsView.Silverlight", "App\Silverlight\HlsView.Silverlight\HlsView.Silverlight.csproj", "{8B80B307-514E-4880-892F-F06BB94CDCA5}"
EndProject
Project("{FAE04EC0-301F-11D3-BF4B-00C04F79EFBC}") = "SM.Media.Platform.Silverlight", "Libraries\SM.Media.Platform.Silverlight\SM.Media.Platform.Silverlight.csproj", "{E8AEE890-1934-4396-83DE-9CC4371500C0}"
EndProject
Project("{FAE04EC0-301F-11D3-BF4B-00C04F79EFBC}") = "SM.Media.Builder", "Libraries\SM.Media.Builder\SM.Media.Builder.csproj", "{E7DDFAD9-00BD-4F60-8873-4A34B80E9ACB}"
EndProject
Project("{FAE04EC0-301F-11D3-BF4B-00C04F79EFBC}") = "Mp3Dump", "Console\Mp3Dump\Mp3Dump.csproj", "{9DE79360-A0EE-41DA-AB45-A3448BE20AAE}"
EndProject
Project("{2150E333-8FDC-42A3-9474-1A3956D46DE8}") = "playerframework", "playerframework", "{676F327F-117F-485C-BD77-C2B241035EAB}"
	ProjectSection(SolutionItems) = preProject
		playerframework\readme.wp7.txt = playerframework\readme.wp7.txt
	EndProjectSection
EndProject
Project("{FAE04EC0-301F-11D3-BF4B-00C04F79EFBC}") = "Microsoft.PlayerFramework.Core", "playerframework\WP7.SL.Core\Microsoft.PlayerFramework.Core.csproj", "{4C23C737-EDE1-4E5B-84DA-1E72DD5E2DE3}"
EndProject
Global
	GlobalSection(SolutionConfigurationPlatforms) = preSolution
		Debug|ARM = Debug|ARM
		Debug|Mixed Platforms = Debug|Mixed Platforms
		Release|ARM = Release|ARM
		Release|Mixed Platforms = Release|Mixed Platforms
	EndGlobalSection
	GlobalSection(ProjectConfigurationPlatforms) = postSolution
		{D434DFF7-9DE1-4995-846D-E88DD3595B46}.Debug|ARM.ActiveCfg = Debug|Any CPU
		{D434DFF7-9DE1-4995-846D-E88DD3595B46}.Debug|ARM.Build.0 = Debug|Any CPU
		{D434DFF7-9DE1-4995-846D-E88DD3595B46}.Debug|Mixed Platforms.ActiveCfg = Debug|Any CPU
		{D434DFF7-9DE1-4995-846D-E88DD3595B46}.Debug|Mixed Platforms.Build.0 = Debug|Any CPU
		{D434DFF7-9DE1-4995-846D-E88DD3595B46}.Release|ARM.ActiveCfg = Release|Any CPU
		{D434DFF7-9DE1-4995-846D-E88DD3595B46}.Release|ARM.Build.0 = Release|Any CPU
		{D434DFF7-9DE1-4995-846D-E88DD3595B46}.Release|Mixed Platforms.ActiveCfg = Release|Any CPU
		{D434DFF7-9DE1-4995-846D-E88DD3595B46}.Release|Mixed Platforms.Build.0 = Release|Any CPU
		{25B0AFE8-BE3A-4C36-A8D3-9B5D5AF5C325}.Debug|ARM.ActiveCfg = Debug|x86
		{25B0AFE8-BE3A-4C36-A8D3-9B5D5AF5C325}.Debug|Mixed Platforms.ActiveCfg = Debug|x86
		{25B0AFE8-BE3A-4C36-A8D3-9B5D5AF5C325}.Debug|Mixed Platforms.Build.0 = Debug|x86
		{25B0AFE8-BE3A-4C36-A8D3-9B5D5AF5C325}.Release|ARM.ActiveCfg = Release|x86
		{25B0AFE8-BE3A-4C36-A8D3-9B5D5AF5C325}.Release|Mixed Platforms.ActiveCfg = Release|x86
		{25B0AFE8-BE3A-4C36-A8D3-9B5D5AF5C325}.Release|Mixed Platforms.Build.0 = Release|x86
		{7643E59E-B01D-4A63-8917-8D10150111E9}.Debug|ARM.ActiveCfg = Debug|x86
		{7643E59E-B01D-4A63-8917-8D10150111E9}.Debug|Mixed Platforms.ActiveCfg = Debug|x86
		{7643E59E-B01D-4A63-8917-8D10150111E9}.Debug|Mixed Platforms.Build.0 = Debug|x86
		{7643E59E-B01D-4A63-8917-8D10150111E9}.Release|ARM.ActiveCfg = Release|x86
		{7643E59E-B01D-4A63-8917-8D10150111E9}.Release|Mixed Platforms.ActiveCfg = Release|x86
		{7643E59E-B01D-4A63-8917-8D10150111E9}.Release|Mixed Platforms.Build.0 = Release|x86
		{6FDC38F5-F918-4EB3-B7AA-348B1DD31D80}.Debug|ARM.ActiveCfg = Debug|Any CPU
		{6FDC38F5-F918-4EB3-B7AA-348B1DD31D80}.Debug|Mixed Platforms.ActiveCfg = Debug|Any CPU
		{6FDC38F5-F918-4EB3-B7AA-348B1DD31D80}.Debug|Mixed Platforms.Build.0 = Debug|Any CPU
		{6FDC38F5-F918-4EB3-B7AA-348B1DD31D80}.Debug|Mixed Platforms.Deploy.0 = Debug|Any CPU
		{6FDC38F5-F918-4EB3-B7AA-348B1DD31D80}.Release|ARM.ActiveCfg = Release|Any CPU
		{6FDC38F5-F918-4EB3-B7AA-348B1DD31D80}.Release|Mixed Platforms.ActiveCfg = Release|Any CPU
		{6FDC38F5-F918-4EB3-B7AA-348B1DD31D80}.Release|Mixed Platforms.Build.0 = Release|Any CPU
		{6FDC38F5-F918-4EB3-B7AA-348B1DD31D80}.Release|Mixed Platforms.Deploy.0 = Release|Any CPU
		{1ECE197B-770D-4BAB-9FB9-653B84077E87}.Debug|ARM.ActiveCfg = Debug|ARM
		{1ECE197B-770D-4BAB-9FB9-653B84077E87}.Debug|ARM.Build.0 = Debug|ARM
		{1ECE197B-770D-4BAB-9FB9-653B84077E87}.Debug|ARM.Deploy.0 = Debug|ARM
		{1ECE197B-770D-4BAB-9FB9-653B84077E87}.Debug|Mixed Platforms.ActiveCfg = Debug|x86
		{1ECE197B-770D-4BAB-9FB9-653B84077E87}.Debug|Mixed Platforms.Build.0 = Debug|x86
		{1ECE197B-770D-4BAB-9FB9-653B84077E87}.Debug|Mixed Platforms.Deploy.0 = Debug|x86
		{1ECE197B-770D-4BAB-9FB9-653B84077E87}.Release|ARM.ActiveCfg = Release|ARM
		{1ECE197B-770D-4BAB-9FB9-653B84077E87}.Release|ARM.Build.0 = Release|ARM
		{1ECE197B-770D-4BAB-9FB9-653B84077E87}.Release|ARM.Deploy.0 = Release|ARM
		{1ECE197B-770D-4BAB-9FB9-653B84077E87}.Release|Mixed Platforms.ActiveCfg = Release|x86
		{1ECE197B-770D-4BAB-9FB9-653B84077E87}.Release|Mixed Platforms.Build.0 = Release|x86
		{1ECE197B-770D-4BAB-9FB9-653B84077E87}.Release|Mixed Platforms.Deploy.0 = Release|x86
		{5F1CDAC0-D5C9-4C2C-84FD-D2A48D0D9BE9}.Debug|ARM.ActiveCfg = Debug|Any CPU
		{5F1CDAC0-D5C9-4C2C-84FD-D2A48D0D9BE9}.Debug|ARM.Build.0 = Debug|Any CPU
		{5F1CDAC0-D5C9-4C2C-84FD-D2A48D0D9BE9}.Debug|Mixed Platforms.ActiveCfg = Debug|Any CPU
		{5F1CDAC0-D5C9-4C2C-84FD-D2A48D0D9BE9}.Debug|Mixed Platforms.Build.0 = Debug|Any CPU
		{5F1CDAC0-D5C9-4C2C-84FD-D2A48D0D9BE9}.Release|ARM.ActiveCfg = Release|Any CPU
		{5F1CDAC0-D5C9-4C2C-84FD-D2A48D0D9BE9}.Release|ARM.Build.0 = Release|Any CPU
		{5F1CDAC0-D5C9-4C2C-84FD-D2A48D0D9BE9}.Release|Mixed Platforms.ActiveCfg = Release|Any CPU
		{5F1CDAC0-D5C9-4C2C-84FD-D2A48D0D9BE9}.Release|Mixed Platforms.Build.0 = Release|Any CPU
		{89D3F028-F32F-4113-A711-29E4FE9AC877}.Debug|ARM.ActiveCfg = Debug|Any CPU
		{89D3F028-F32F-4113-A711-29E4FE9AC877}.Debug|Mixed Platforms.ActiveCfg = Debug|Any CPU
		{89D3F028-F32F-4113-A711-29E4FE9AC877}.Debug|Mixed Platforms.Build.0 = Debug|Any CPU
		{89D3F028-F32F-4113-A711-29E4FE9AC877}.Release|ARM.ActiveCfg = Release|Any CPU
		{89D3F028-F32F-4113-A711-29E4FE9AC877}.Release|Mixed Platforms.ActiveCfg = Release|Any CPU
		{89D3F028-F32F-4113-A711-29E4FE9AC877}.Release|Mixed Platforms.Build.0 = Release|Any CPU
		{8D1CEC97-F698-4920-9644-EAB0EDB4CDD2}.Debug|ARM.ActiveCfg = Debug|ARM
		{8D1CEC97-F698-4920-9644-EAB0EDB4CDD2}.Debug|ARM.Build.0 = Debug|ARM
		{8D1CEC97-F698-4920-9644-EAB0EDB4CDD2}.Debug|Mixed Platforms.ActiveCfg = Debug|x86
		{8D1CEC97-F698-4920-9644-EAB0EDB4CDD2}.Debug|Mixed Platforms.Build.0 = Debug|x86
		{8D1CEC97-F698-4920-9644-EAB0EDB4CDD2}.Release|ARM.ActiveCfg = Release|ARM
		{8D1CEC97-F698-4920-9644-EAB0EDB4CDD2}.Release|ARM.Build.0 = Release|ARM
		{8D1CEC97-F698-4920-9644-EAB0EDB4CDD2}.Release|Mixed Platforms.ActiveCfg = Release|x86
		{8D1CEC97-F698-4920-9644-EAB0EDB4CDD2}.Release|Mixed Platforms.Build.0 = Release|x86
		{AAD0A00B-CEC2-4DC0-9C88-743973C587F8}.Debug|ARM.ActiveCfg = Debug|Any CPU
		{AAD0A00B-CEC2-4DC0-9C88-743973C587F8}.Debug|Mixed Platforms.ActiveCfg = Debug|Any CPU
		{AAD0A00B-CEC2-4DC0-9C88-743973C587F8}.Debug|Mixed Platforms.Build.0 = Debug|Any CPU
		{AAD0A00B-CEC2-4DC0-9C88-743973C587F8}.Release|ARM.ActiveCfg = Release|Any CPU
		{AAD0A00B-CEC2-4DC0-9C88-743973C587F8}.Release|Mixed Platforms.ActiveCfg = Release|Any CPU
		{AAD0A00B-CEC2-4DC0-9C88-743973C587F8}.Release|Mixed Platforms.Build.0 = Release|Any CPU
		{D8D466D7-46E7-4B4A-8A5E-EE2ECF4411D2}.Debug|ARM.ActiveCfg = Debug|Any CPU
		{D8D466D7-46E7-4B4A-8A5E-EE2ECF4411D2}.Debug|Mixed Platforms.ActiveCfg = Debug|Any CPU
		{D8D466D7-46E7-4B4A-8A5E-EE2ECF4411D2}.Debug|Mixed Platforms.Build.0 = Debug|Any CPU
		{D8D466D7-46E7-4B4A-8A5E-EE2ECF4411D2}.Release|ARM.ActiveCfg = Release|Any CPU
		{D8D466D7-46E7-4B4A-8A5E-EE2ECF4411D2}.Release|Mixed Platforms.ActiveCfg = Release|Any CPU
		{D8D466D7-46E7-4B4A-8A5E-EE2ECF4411D2}.Release|Mixed Platforms.Build.0 = Release|Any CPU
		{503BEB79-3826-4966-9767-F957F1D83E0C}.Debug|ARM.ActiveCfg = Debug|ARM
		{503BEB79-3826-4966-9767-F957F1D83E0C}.Debug|ARM.Build.0 = Debug|ARM
		{503BEB79-3826-4966-9767-F957F1D83E0C}.Debug|Mixed Platforms.ActiveCfg = Debug|x86
		{503BEB79-3826-4966-9767-F957F1D83E0C}.Debug|Mixed Platforms.Build.0 = Debug|x86
		{503BEB79-3826-4966-9767-F957F1D83E0C}.Debug|Mixed Platforms.Deploy.0 = Debug|x86
		{503BEB79-3826-4966-9767-F957F1D83E0C}.Release|ARM.ActiveCfg = Release|ARM
		{503BEB79-3826-4966-9767-F957F1D83E0C}.Release|ARM.Build.0 = Release|ARM
		{503BEB79-3826-4966-9767-F957F1D83E0C}.Release|Mixed Platforms.ActiveCfg = Release|x86
		{503BEB79-3826-4966-9767-F957F1D83E0C}.Release|Mixed Platforms.Build.0 = Release|x86
		{2D377FFD-DFB4-4767-B8C2-F87D0C453A9E}.Debug|ARM.ActiveCfg = Debug|ARM
		{2D377FFD-DFB4-4767-B8C2-F87D0C453A9E}.Debug|ARM.Build.0 = Debug|ARM
		{2D377FFD-DFB4-4767-B8C2-F87D0C453A9E}.Debug|ARM.Deploy.0 = Debug|ARM
		{2D377FFD-DFB4-4767-B8C2-F87D0C453A9E}.Debug|Mixed Platforms.ActiveCfg = Debug|x86
		{2D377FFD-DFB4-4767-B8C2-F87D0C453A9E}.Debug|Mixed Platforms.Build.0 = Debug|x86
		{2D377FFD-DFB4-4767-B8C2-F87D0C453A9E}.Debug|Mixed Platforms.Deploy.0 = Debug|x86
		{2D377FFD-DFB4-4767-B8C2-F87D0C453A9E}.Release|ARM.ActiveCfg = Release|ARM
		{2D377FFD-DFB4-4767-B8C2-F87D0C453A9E}.Release|ARM.Build.0 = Release|ARM
		{2D377FFD-DFB4-4767-B8C2-F87D0C453A9E}.Release|ARM.Deploy.0 = Release|ARM
		{2D377FFD-DFB4-4767-B8C2-F87D0C453A9E}.Release|Mixed Platforms.ActiveCfg = Release|x86
		{2D377FFD-DFB4-4767-B8C2-F87D0C453A9E}.Release|Mixed Platforms.Build.0 = Release|x86
		{2D377FFD-DFB4-4767-B8C2-F87D0C453A9E}.Release|Mixed Platforms.Deploy.0 = Release|x86
		{C7D17600-4DF4-4E0F-B906-30E68C69BDD4}.Debug|ARM.ActiveCfg = Debug|Any CPU
		{C7D17600-4DF4-4E0F-B906-30E68C69BDD4}.Debug|Mixed Platforms.ActiveCfg = Debug|Any CPU
		{C7D17600-4DF4-4E0F-B906-30E68C69BDD4}.Debug|Mixed Platforms.Build.0 = Debug|Any CPU
		{C7D17600-4DF4-4E0F-B906-30E68C69BDD4}.Release|ARM.ActiveCfg = Release|Any CPU
		{C7D17600-4DF4-4E0F-B906-30E68C69BDD4}.Release|Mixed Platforms.ActiveCfg = Release|Any CPU
		{C7D17600-4DF4-4E0F-B906-30E68C69BDD4}.Release|Mixed Platforms.Build.0 = Release|Any CPU
		{CE75F4CA-239E-4BBA-8E7F-C0576050FA9A}.Debug|ARM.ActiveCfg = Debug|Any CPU
		{CE75F4CA-239E-4BBA-8E7F-C0576050FA9A}.Debug|Mixed Platforms.ActiveCfg = Debug|Any CPU
		{CE75F4CA-239E-4BBA-8E7F-C0576050FA9A}.Debug|Mixed Platforms.Build.0 = Debug|Any CPU
		{CE75F4CA-239E-4BBA-8E7F-C0576050FA9A}.Debug|Mixed Platforms.Deploy.0 = Debug|Any CPU
		{CE75F4CA-239E-4BBA-8E7F-C0576050FA9A}.Release|ARM.ActiveCfg = Release|Any CPU
		{CE75F4CA-239E-4BBA-8E7F-C0576050FA9A}.Release|Mixed Platforms.ActiveCfg = Release|Any CPU
		{CE75F4CA-239E-4BBA-8E7F-C0576050FA9A}.Release|Mixed Platforms.Build.0 = Release|Any CPU
		{CE75F4CA-239E-4BBA-8E7F-C0576050FA9A}.Release|Mixed Platforms.Deploy.0 = Release|Any CPU
		{79634A92-D8B5-4965-BFC3-D95BC28BCFB6}.Debug|ARM.ActiveCfg = Debug|Any CPU
		{79634A92-D8B5-4965-BFC3-D95BC28BCFB6}.Debug|Mixed Platforms.ActiveCfg = Debug|Any CPU
		{79634A92-D8B5-4965-BFC3-D95BC28BCFB6}.Debug|Mixed Platforms.Build.0 = Debug|Any CPU
		{79634A92-D8B5-4965-BFC3-D95BC28BCFB6}.Release|ARM.ActiveCfg = Release|Any CPU
		{79634A92-D8B5-4965-BFC3-D95BC28BCFB6}.Release|Mixed Platforms.ActiveCfg = Release|Any CPU
		{79634A92-D8B5-4965-BFC3-D95BC28BCFB6}.Release|Mixed Platforms.Build.0 = Release|Any CPU
		{BBC6E962-522E-49B4-BC0B-496A34CFF57C}.Debug|ARM.ActiveCfg = Debug|Any CPU
		{BBC6E962-522E-49B4-BC0B-496A34CFF57C}.Debug|Mixed Platforms.ActiveCfg = Debug|Any CPU
		{BBC6E962-522E-49B4-BC0B-496A34CFF57C}.Debug|Mixed Platforms.Build.0 = Debug|Any CPU
		{BBC6E962-522E-49B4-BC0B-496A34CFF57C}.Release|ARM.ActiveCfg = Release|Any CPU
		{BBC6E962-522E-49B4-BC0B-496A34CFF57C}.Release|Mixed Platforms.ActiveCfg = Release|Any CPU
		{BBC6E962-522E-49B4-BC0B-496A34CFF57C}.Release|Mixed Platforms.Build.0 = Release|Any CPU
		{9F8AF48D-82BA-4CB6-A691-E96E683B96C4}.Debug|ARM.ActiveCfg = Debug|ARM
		{9F8AF48D-82BA-4CB6-A691-E96E683B96C4}.Debug|ARM.Build.0 = Debug|ARM
		{9F8AF48D-82BA-4CB6-A691-E96E683B96C4}.Debug|Mixed Platforms.ActiveCfg = Debug|x86
		{9F8AF48D-82BA-4CB6-A691-E96E683B96C4}.Debug|Mixed Platforms.Build.0 = Debug|x86
		{9F8AF48D-82BA-4CB6-A691-E96E683B96C4}.Release|ARM.ActiveCfg = Release|ARM
		{9F8AF48D-82BA-4CB6-A691-E96E683B96C4}.Release|ARM.Build.0 = Release|ARM
		{9F8AF48D-82BA-4CB6-A691-E96E683B96C4}.Release|Mixed Platforms.ActiveCfg = Release|x86
		{9F8AF48D-82BA-4CB6-A691-E96E683B96C4}.Release|Mixed Platforms.Build.0 = Release|x86
		{CD17ACA5-B57B-430A-91EC-0FD54BBCE9BD}.Debug|ARM.ActiveCfg = Debug|Any CPU
		{CD17ACA5-B57B-430A-91EC-0FD54BBCE9BD}.Debug|Mixed Platforms.ActiveCfg = Debug|Any CPU
		{CD17ACA5-B57B-430A-91EC-0FD54BBCE9BD}.Debug|Mixed Platforms.Build.0 = Debug|Any CPU
		{CD17ACA5-B57B-430A-91EC-0FD54BBCE9BD}.Debug|Mixed Platforms.Deploy.0 = Debug|Any CPU
		{CD17ACA5-B57B-430A-91EC-0FD54BBCE9BD}.Release|ARM.ActiveCfg = Release|Any CPU
		{CD17ACA5-B57B-430A-91EC-0FD54BBCE9BD}.Release|Mixed Platforms.ActiveCfg = Release|Any CPU
		{CD17ACA5-B57B-430A-91EC-0FD54BBCE9BD}.Release|Mixed Platforms.Build.0 = Release|Any CPU
		{CD17ACA5-B57B-430A-91EC-0FD54BBCE9BD}.Release|Mixed Platforms.Deploy.0 = Release|Any CPU
		{1B07629E-B64F-44A7-8B40-AAF5FF427571}.Debug|ARM.ActiveCfg = Debug|ARM
		{1B07629E-B64F-44A7-8B40-AAF5FF427571}.Debug|ARM.Build.0 = Debug|ARM
		{1B07629E-B64F-44A7-8B40-AAF5FF427571}.Debug|ARM.Deploy.0 = Debug|ARM
		{1B07629E-B64F-44A7-8B40-AAF5FF427571}.Debug|Mixed Platforms.ActiveCfg = Debug|x86
		{1B07629E-B64F-44A7-8B40-AAF5FF427571}.Debug|Mixed Platforms.Build.0 = Debug|x86
		{1B07629E-B64F-44A7-8B40-AAF5FF427571}.Debug|Mixed Platforms.Deploy.0 = Debug|x86
		{1B07629E-B64F-44A7-8B40-AAF5FF427571}.Release|ARM.ActiveCfg = Release|ARM
		{1B07629E-B64F-44A7-8B40-AAF5FF427571}.Release|ARM.Build.0 = Release|ARM
		{1B07629E-B64F-44A7-8B40-AAF5FF427571}.Release|ARM.Deploy.0 = Release|ARM
		{1B07629E-B64F-44A7-8B40-AAF5FF427571}.Release|Mixed Platforms.ActiveCfg = Release|x86
		{1B07629E-B64F-44A7-8B40-AAF5FF427571}.Release|Mixed Platforms.Build.0 = Release|x86
		{1B07629E-B64F-44A7-8B40-AAF5FF427571}.Release|Mixed Platforms.Deploy.0 = Release|x86
		{50FDC058-B92E-4520-A5D8-FD81B73105CF}.Debug|ARM.ActiveCfg = Debug|Any CPU
		{50FDC058-B92E-4520-A5D8-FD81B73105CF}.Debug|ARM.Build.0 = Debug|Any CPU
		{50FDC058-B92E-4520-A5D8-FD81B73105CF}.Debug|Mixed Platforms.ActiveCfg = Debug|Any CPU
		{50FDC058-B92E-4520-A5D8-FD81B73105CF}.Debug|Mixed Platforms.Build.0 = Debug|Any CPU
		{50FDC058-B92E-4520-A5D8-FD81B73105CF}.Release|ARM.ActiveCfg = Release|Any CPU
		{50FDC058-B92E-4520-A5D8-FD81B73105CF}.Release|ARM.Build.0 = Release|Any CPU
		{50FDC058-B92E-4520-A5D8-FD81B73105CF}.Release|Mixed Platforms.ActiveCfg = Release|Any CPU
		{50FDC058-B92E-4520-A5D8-FD81B73105CF}.Release|Mixed Platforms.Build.0 = Release|Any CPU
		{EB39B133-25CC-4695-9B56-95C3A7BDBE1F}.Debug|ARM.ActiveCfg = Debug|Any CPU
		{EB39B133-25CC-4695-9B56-95C3A7BDBE1F}.Debug|Mixed Platforms.ActiveCfg = Debug|Any CPU
		{EB39B133-25CC-4695-9B56-95C3A7BDBE1F}.Debug|Mixed Platforms.Build.0 = Debug|Any CPU
		{EB39B133-25CC-4695-9B56-95C3A7BDBE1F}.Debug|Mixed Platforms.Deploy.0 = Debug|Any CPU
		{EB39B133-25CC-4695-9B56-95C3A7BDBE1F}.Release|ARM.ActiveCfg = Release|Any CPU
		{EB39B133-25CC-4695-9B56-95C3A7BDBE1F}.Release|Mixed Platforms.ActiveCfg = Release|Any CPU
		{EB39B133-25CC-4695-9B56-95C3A7BDBE1F}.Release|Mixed Platforms.Build.0 = Release|Any CPU
		{EB39B133-25CC-4695-9B56-95C3A7BDBE1F}.Release|Mixed Platforms.Deploy.0 = Release|Any CPU
		{61F1B892-D57C-4609-A476-ECBF61B93AD5}.Debug|ARM.ActiveCfg = Debug|ARM
		{61F1B892-D57C-4609-A476-ECBF61B93AD5}.Debug|ARM.Build.0 = Debug|ARM
		{61F1B892-D57C-4609-A476-ECBF61B93AD5}.Debug|ARM.Deploy.0 = Debug|ARM
		{61F1B892-D57C-4609-A476-ECBF61B93AD5}.Debug|Mixed Platforms.ActiveCfg = Debug|x86
		{61F1B892-D57C-4609-A476-ECBF61B93AD5}.Debug|Mixed Platforms.Build.0 = Debug|x86
		{61F1B892-D57C-4609-A476-ECBF61B93AD5}.Debug|Mixed Platforms.Deploy.0 = Debug|x86
		{61F1B892-D57C-4609-A476-ECBF61B93AD5}.Release|ARM.ActiveCfg = Release|ARM
		{61F1B892-D57C-4609-A476-ECBF61B93AD5}.Release|ARM.Build.0 = Release|ARM
		{61F1B892-D57C-4609-A476-ECBF61B93AD5}.Release|ARM.Deploy.0 = Release|ARM
		{61F1B892-D57C-4609-A476-ECBF61B93AD5}.Release|Mixed Platforms.ActiveCfg = Release|x86
		{61F1B892-D57C-4609-A476-ECBF61B93AD5}.Release|Mixed Platforms.Build.0 = Release|x86
		{61F1B892-D57C-4609-A476-ECBF61B93AD5}.Release|Mixed Platforms.Deploy.0 = Release|x86
		{AFED1B57-0548-4394-890C-DE7984F7782C}.Debug|ARM.ActiveCfg = Debug|Any CPU
		{AFED1B57-0548-4394-890C-DE7984F7782C}.Debug|Mixed Platforms.ActiveCfg = Debug|Any CPU
		{AFED1B57-0548-4394-890C-DE7984F7782C}.Debug|Mixed Platforms.Build.0 = Debug|Any CPU
		{AFED1B57-0548-4394-890C-DE7984F7782C}.Release|ARM.ActiveCfg = Release|Any CPU
		{AFED1B57-0548-4394-890C-DE7984F7782C}.Release|Mixed Platforms.ActiveCfg = Release|Any CPU
		{AFED1B57-0548-4394-890C-DE7984F7782C}.Release|Mixed Platforms.Build.0 = Release|Any CPU
		{CA6F2D9D-5D8B-4E72-BBEF-6D61D86AA1A1}.Debug|ARM.ActiveCfg = Debug|Any CPU
		{CA6F2D9D-5D8B-4E72-BBEF-6D61D86AA1A1}.Debug|Mixed Platforms.ActiveCfg = Debug|Any CPU
		{CA6F2D9D-5D8B-4E72-BBEF-6D61D86AA1A1}.Debug|Mixed Platforms.Build.0 = Debug|Any CPU
		{CA6F2D9D-5D8B-4E72-BBEF-6D61D86AA1A1}.Release|ARM.ActiveCfg = Release|Any CPU
		{CA6F2D9D-5D8B-4E72-BBEF-6D61D86AA1A1}.Release|Mixed Platforms.ActiveCfg = Release|Any CPU
		{CA6F2D9D-5D8B-4E72-BBEF-6D61D86AA1A1}.Release|Mixed Platforms.Build.0 = Release|Any CPU
		{37F16220-78C4-4931-BF3A-0A61FAFFE3D5}.Debug|ARM.ActiveCfg = Debug|Any CPU
		{37F16220-78C4-4931-BF3A-0A61FAFFE3D5}.Debug|Mixed Platforms.ActiveCfg = Debug|Any CPU
		{37F16220-78C4-4931-BF3A-0A61FAFFE3D5}.Debug|Mixed Platforms.Build.0 = Debug|Any CPU
		{37F16220-78C4-4931-BF3A-0A61FAFFE3D5}.Release|ARM.ActiveCfg = Release|Any CPU
		{37F16220-78C4-4931-BF3A-0A61FAFFE3D5}.Release|Mixed Platforms.ActiveCfg = Release|Any CPU
		{37F16220-78C4-4931-BF3A-0A61FAFFE3D5}.Release|Mixed Platforms.Build.0 = Release|Any CPU
		{1638317D-AE34-4B93-B2B0-012D8745433B}.Debug|ARM.ActiveCfg = Debug|Any CPU
		{1638317D-AE34-4B93-B2B0-012D8745433B}.Debug|Mixed Platforms.ActiveCfg = Debug|Any CPU
		{1638317D-AE34-4B93-B2B0-012D8745433B}.Debug|Mixed Platforms.Build.0 = Debug|Any CPU
		{1638317D-AE34-4B93-B2B0-012D8745433B}.Release|ARM.ActiveCfg = Release|Any CPU
		{1638317D-AE34-4B93-B2B0-012D8745433B}.Release|Mixed Platforms.ActiveCfg = Release|Any CPU
		{1638317D-AE34-4B93-B2B0-012D8745433B}.Release|Mixed Platforms.Build.0 = Release|Any CPU
		{0D722FD0-5BC6-4468-B6B9-0C89261E746A}.Debug|ARM.ActiveCfg = Debug|Any CPU
		{0D722FD0-5BC6-4468-B6B9-0C89261E746A}.Debug|Mixed Platforms.ActiveCfg = Debug|Any CPU
		{0D722FD0-5BC6-4468-B6B9-0C89261E746A}.Debug|Mixed Platforms.Build.0 = Debug|Any CPU
		{0D722FD0-5BC6-4468-B6B9-0C89261E746A}.Release|ARM.ActiveCfg = Release|Any CPU
		{0D722FD0-5BC6-4468-B6B9-0C89261E746A}.Release|Mixed Platforms.ActiveCfg = Release|Any CPU
		{0D722FD0-5BC6-4468-B6B9-0C89261E746A}.Release|Mixed Platforms.Build.0 = Release|Any CPU
		{8B80B307-514E-4880-892F-F06BB94CDCA5}.Debug|ARM.ActiveCfg = Debug|Any CPU
		{8B80B307-514E-4880-892F-F06BB94CDCA5}.Debug|Mixed Platforms.ActiveCfg = Debug|Any CPU
		{8B80B307-514E-4880-892F-F06BB94CDCA5}.Debug|Mixed Platforms.Build.0 = Debug|Any CPU
		{8B80B307-514E-4880-892F-F06BB94CDCA5}.Release|ARM.ActiveCfg = Release|Any CPU
		{8B80B307-514E-4880-892F-F06BB94CDCA5}.Release|Mixed Platforms.ActiveCfg = Release|Any CPU
		{8B80B307-514E-4880-892F-F06BB94CDCA5}.Release|Mixed Platforms.Build.0 = Release|Any CPU
		{E8AEE890-1934-4396-83DE-9CC4371500C0}.Debug|ARM.ActiveCfg = Debug|Any CPU
		{E8AEE890-1934-4396-83DE-9CC4371500C0}.Debug|Mixed Platforms.ActiveCfg = Debug|Any CPU
		{E8AEE890-1934-4396-83DE-9CC4371500C0}.Debug|Mixed Platforms.Build.0 = Debug|Any CPU
		{E8AEE890-1934-4396-83DE-9CC4371500C0}.Release|ARM.ActiveCfg = Release|Any CPU
		{E8AEE890-1934-4396-83DE-9CC4371500C0}.Release|Mixed Platforms.ActiveCfg = Release|Any CPU
		{E8AEE890-1934-4396-83DE-9CC4371500C0}.Release|Mixed Platforms.Build.0 = Release|Any CPU
		{E7DDFAD9-00BD-4F60-8873-4A34B80E9ACB}.Debug|ARM.ActiveCfg = Debug|Any CPU
		{E7DDFAD9-00BD-4F60-8873-4A34B80E9ACB}.Debug|ARM.Build.0 = Debug|Any CPU
		{E7DDFAD9-00BD-4F60-8873-4A34B80E9ACB}.Debug|Mixed Platforms.ActiveCfg = Debug|Any CPU
		{E7DDFAD9-00BD-4F60-8873-4A34B80E9ACB}.Debug|Mixed Platforms.Build.0 = Debug|Any CPU
		{E7DDFAD9-00BD-4F60-8873-4A34B80E9ACB}.Release|ARM.ActiveCfg = Release|Any CPU
		{E7DDFAD9-00BD-4F60-8873-4A34B80E9ACB}.Release|ARM.Build.0 = Release|Any CPU
		{E7DDFAD9-00BD-4F60-8873-4A34B80E9ACB}.Release|Mixed Platforms.ActiveCfg = Release|Any CPU
		{E7DDFAD9-00BD-4F60-8873-4A34B80E9ACB}.Release|Mixed Platforms.Build.0 = Release|Any CPU
		{9DE79360-A0EE-41DA-AB45-A3448BE20AAE}.Debug|ARM.ActiveCfg = Debug|Any CPU
		{9DE79360-A0EE-41DA-AB45-A3448BE20AAE}.Debug|Mixed Platforms.ActiveCfg = Debug|Any CPU
		{9DE79360-A0EE-41DA-AB45-A3448BE20AAE}.Debug|Mixed Platforms.Build.0 = Debug|Any CPU
		{9DE79360-A0EE-41DA-AB45-A3448BE20AAE}.Release|ARM.ActiveCfg = Release|Any CPU
		{9DE79360-A0EE-41DA-AB45-A3448BE20AAE}.Release|Mixed Platforms.ActiveCfg = Release|Any CPU
		{9DE79360-A0EE-41DA-AB45-A3448BE20AAE}.Release|Mixed Platforms.Build.0 = Release|Any CPU
		{4C23C737-EDE1-4E5B-84DA-1E72DD5E2DE3}.Debug|ARM.ActiveCfg = Debug|Any CPU
		{4C23C737-EDE1-4E5B-84DA-1E72DD5E2DE3}.Debug|Mixed Platforms.ActiveCfg = Debug|Any CPU
		{4C23C737-EDE1-4E5B-84DA-1E72DD5E2DE3}.Debug|Mixed Platforms.Build.0 = Debug|Any CPU
		{4C23C737-EDE1-4E5B-84DA-1E72DD5E2DE3}.Release|ARM.ActiveCfg = Release|Any CPU
		{4C23C737-EDE1-4E5B-84DA-1E72DD5E2DE3}.Release|Mixed Platforms.ActiveCfg = Release|Any CPU
		{4C23C737-EDE1-4E5B-84DA-1E72DD5E2DE3}.Release|Mixed Platforms.Build.0 = Release|Any CPU
	EndGlobalSection
	GlobalSection(SolutionProperties) = preSolution
		HideSolutionNode = FALSE
	EndGlobalSection
	GlobalSection(NestedProjects) = preSolution
		{5F1CDAC0-D5C9-4C2C-84FD-D2A48D0D9BE9} = {0D6454AD-8755-4AA4-82CD-391508D91DDB}
		{89D3F028-F32F-4113-A711-29E4FE9AC877} = {0D6454AD-8755-4AA4-82CD-391508D91DDB}
		{8D1CEC97-F698-4920-9644-EAB0EDB4CDD2} = {0D6454AD-8755-4AA4-82CD-391508D91DDB}
		{D434DFF7-9DE1-4995-846D-E88DD3595B46} = {0D6454AD-8755-4AA4-82CD-391508D91DDB}
		{D8D466D7-46E7-4B4A-8A5E-EE2ECF4411D2} = {0D6454AD-8755-4AA4-82CD-391508D91DDB}
		{503BEB79-3826-4966-9767-F957F1D83E0C} = {0D6454AD-8755-4AA4-82CD-391508D91DDB}
		{C7D17600-4DF4-4E0F-B906-30E68C69BDD4} = {0D6454AD-8755-4AA4-82CD-391508D91DDB}
		{BBC6E962-522E-49B4-BC0B-496A34CFF57C} = {0D6454AD-8755-4AA4-82CD-391508D91DDB}
		{9F8AF48D-82BA-4CB6-A691-E96E683B96C4} = {0D6454AD-8755-4AA4-82CD-391508D91DDB}
		{50FDC058-B92E-4520-A5D8-FD81B73105CF} = {0D6454AD-8755-4AA4-82CD-391508D91DDB}
		{CA6F2D9D-5D8B-4E72-BBEF-6D61D86AA1A1} = {0D6454AD-8755-4AA4-82CD-391508D91DDB}
		{37F16220-78C4-4931-BF3A-0A61FAFFE3D5} = {0D6454AD-8755-4AA4-82CD-391508D91DDB}
		{1638317D-AE34-4B93-B2B0-012D8745433B} = {0D6454AD-8755-4AA4-82CD-391508D91DDB}
		{E8AEE890-1934-4396-83DE-9CC4371500C0} = {0D6454AD-8755-4AA4-82CD-391508D91DDB}
		{E7DDFAD9-00BD-4F60-8873-4A34B80E9ACB} = {0D6454AD-8755-4AA4-82CD-391508D91DDB}
		{7643E59E-B01D-4A63-8917-8D10150111E9} = {2AF7A58D-0250-49E7-886F-1D46A978D814}
		{AAD0A00B-CEC2-4DC0-9C88-743973C587F8} = {2AF7A58D-0250-49E7-886F-1D46A978D814}
		{25B0AFE8-BE3A-4C36-A8D3-9B5D5AF5C325} = {2AF7A58D-0250-49E7-886F-1D46A978D814}
		{79634A92-D8B5-4965-BFC3-D95BC28BCFB6} = {2AF7A58D-0250-49E7-886F-1D46A978D814}
		{AFED1B57-0548-4394-890C-DE7984F7782C} = {2AF7A58D-0250-49E7-886F-1D46A978D814}
		{0D722FD0-5BC6-4468-B6B9-0C89261E746A} = {2AF7A58D-0250-49E7-886F-1D46A978D814}
		{9DE79360-A0EE-41DA-AB45-A3448BE20AAE} = {2AF7A58D-0250-49E7-886F-1D46A978D814}
		{2331EB7D-8882-4570-88C2-55ECE90FCFC3} = {7036B990-E241-458B-BE0B-19E21DFCBC81}
		{1E0248E6-9002-43B4-8F37-47F0F6FDF988} = {7036B990-E241-458B-BE0B-19E21DFCBC81}
		{1ECE197B-770D-4BAB-9FB9-653B84077E87} = {2331EB7D-8882-4570-88C2-55ECE90FCFC3}
		{2D377FFD-DFB4-4767-B8C2-F87D0C453A9E} = {2331EB7D-8882-4570-88C2-55ECE90FCFC3}
		{CE75F4CA-239E-4BBA-8E7F-C0576050FA9A} = {2331EB7D-8882-4570-88C2-55ECE90FCFC3}
		{CD17ACA5-B57B-430A-91EC-0FD54BBCE9BD} = {2331EB7D-8882-4570-88C2-55ECE90FCFC3}
		{1B07629E-B64F-44A7-8B40-AAF5FF427571} = {2331EB7D-8882-4570-88C2-55ECE90FCFC3}
		{EB39B133-25CC-4695-9B56-95C3A7BDBE1F} = {2331EB7D-8882-4570-88C2-55ECE90FCFC3}
		{61F1B892-D57C-4609-A476-ECBF61B93AD5} = {2331EB7D-8882-4570-88C2-55ECE90FCFC3}
		{6FDC38F5-F918-4EB3-B7AA-348B1DD31D80} = {2331EB7D-8882-4570-88C2-55ECE90FCFC3}
		{8B80B307-514E-4880-892F-F06BB94CDCA5} = {1E0248E6-9002-43B4-8F37-47F0F6FDF988}
		{4C23C737-EDE1-4E5B-84DA-1E72DD5E2DE3} = {676F327F-117F-485C-BD77-C2B241035EAB}
	EndGlobalSection
EndGlobal
