
Microsoft Visual Studio Solution File, Format Version 12.00
# Visual Studio 2013
VisualStudioVersion = 12.0.30723.0
MinimumVisualStudioVersion = 10.0.40219.1
Project("{D954291E-2A0B-460D-934E-DC6B0785DB48}") = "HlsView.WinRT.Shared", "App\WinRT\HlsView.WinRT.Shared\HlsView.WinRT.Shared.shproj", "{7D9F3B7C-F572-4E3E-9DC4-8FB11CE51977}"
EndProject
Project("{FAE04EC0-301F-11D3-BF4B-00C04F79EFBC}") = "HlsView.Win81", "App\WinRT\HlsView.Win81\HlsView.Win81.csproj", "{1A62ED9E-93D9-4C0C-B4B9-DA18A694EE37}"
EndProject
Project("{FAE04EC0-301F-11D3-BF4B-00C04F79EFBC}") = "HlsView.WP81", "App\WinRT\HlsView.WP81\HlsView.WP81.csproj", "{D31CCB38-39BE-4508-B49A-E2E71265E5F2}"
EndProject
Project("{2150E333-8FDC-42A3-9474-1A3956D46DE8}") = "HlsView", "HlsView", "{120B62E2-8C32-42C1-91BA-E13D9E4BAABA}"
EndProject
Project("{2150E333-8FDC-42A3-9474-1A3956D46DE8}") = "SamplePlayer", "SamplePlayer", "{94C3F630-2798-4B7B-8E73-833899264339}"
EndProject
Project("{FAE04EC0-301F-11D3-BF4B-00C04F79EFBC}") = "SM.Media.MediaPlayer.WP81", "Libraries\SM.Media.MediaPlayer.WP81\SM.Media.MediaPlayer.WP81.csproj", "{0E64C570-7E84-45E2-A2AC-75AE3C529FF2}"
EndProject
Project("{FAE04EC0-301F-11D3-BF4B-00C04F79EFBC}") = "SM.Media.MediaPlayer.Win81", "Libraries\SM.Media.MediaPlayer.Win81\SM.Media.MediaPlayer.Win81.csproj", "{DA68691E-22BB-4479-A357-49E761B45E3F}"
EndProject
Project("{D954291E-2A0B-460D-934E-DC6B0785DB48}") = "SamplePlayer.WinRT.Shared", "App\WinRT\SamplePlayer.WinRT.Shared\SamplePlayer.WinRT.Shared.shproj", "{B0A3B688-F2EC-4066-ACDE-92C281C332B2}"
EndProject
Project("{FAE04EC0-301F-11D3-BF4B-00C04F79EFBC}") = "SamplePlayer.WP81", "App\WinRT\SamplePlayer.WP81\SamplePlayer.WP81.csproj", "{283E62BC-4128-4DBB-BBC5-A1EE2CEBE822}"
EndProject
Project("{FAE04EC0-301F-11D3-BF4B-00C04F79EFBC}") = "SamplePlayer.Win81", "App\WinRT\SamplePlayer.Win81\SamplePlayer.Win81.csproj", "{60909973-3882-4306-8236-C188ED185CA8}"
EndProject
Project("{2150E333-8FDC-42A3-9474-1A3956D46DE8}") = "Libraries", "Libraries", "{DF9EC143-3726-48CF-9897-0436B082B7BF}"
EndProject
Global
	GlobalSection(SharedMSBuildProjectFiles) = preSolution
		App\WinRT\SamplePlayer.WinRT.Shared\SamplePlayer.WinRT.Shared.projitems*{60909973-3882-4306-8236-c188ed185ca8}*SharedItemsImports = 4
		App\WinRT\SamplePlayer.WinRT.Shared\SamplePlayer.WinRT.Shared.projitems*{283e62bc-4128-4dbb-bbc5-a1ee2cebe822}*SharedItemsImports = 4
		App\WinRT\SamplePlayer.WinRT.Shared\SamplePlayer.WinRT.Shared.projitems*{b0a3b688-f2ec-4066-acde-92c281c332b2}*SharedItemsImports = 13
		App\WinRT\HlsView.WinRT.Shared\HlsView.WinRT.Shared.projitems*{7d9f3b7c-f572-4e3e-9dc4-8fb11ce51977}*SharedItemsImports = 13
		App\WinRT\HlsView.WinRT.Shared\HlsView.WinRT.Shared.projitems*{d31ccb38-39be-4508-b49a-e2e71265e5f2}*SharedItemsImports = 4
		App\WinRT\HlsView.WinRT.Shared\HlsView.WinRT.Shared.projitems*{1a62ed9e-93d9-4c0c-b4b9-da18a694ee37}*SharedItemsImports = 4
	EndGlobalSection
	GlobalSection(SolutionConfigurationPlatforms) = preSolution
		Debug|ARM = Debug|ARM
		Debug|x64 = Debug|x64
		Debug|x86 = Debug|x86
		Release|ARM = Release|ARM
		Release|x64 = Release|x64
		Release|x86 = Release|x86
	EndGlobalSection
	GlobalSection(ProjectConfigurationPlatforms) = postSolution
		{1A62ED9E-93D9-4C0C-B4B9-DA18A694EE37}.Debug|ARM.ActiveCfg = Debug|ARM
		{1A62ED9E-93D9-4C0C-B4B9-DA18A694EE37}.Debug|ARM.Build.0 = Debug|ARM
		{1A62ED9E-93D9-4C0C-B4B9-DA18A694EE37}.Debug|ARM.Deploy.0 = Debug|ARM
		{1A62ED9E-93D9-4C0C-B4B9-DA18A694EE37}.Debug|x64.ActiveCfg = Debug|x64
		{1A62ED9E-93D9-4C0C-B4B9-DA18A694EE37}.Debug|x64.Build.0 = Debug|x64
		{1A62ED9E-93D9-4C0C-B4B9-DA18A694EE37}.Debug|x64.Deploy.0 = Debug|x64
		{1A62ED9E-93D9-4C0C-B4B9-DA18A694EE37}.Debug|x86.ActiveCfg = Debug|x86
		{1A62ED9E-93D9-4C0C-B4B9-DA18A694EE37}.Debug|x86.Build.0 = Debug|x86
		{1A62ED9E-93D9-4C0C-B4B9-DA18A694EE37}.Debug|x86.Deploy.0 = Debug|x86
		{1A62ED9E-93D9-4C0C-B4B9-DA18A694EE37}.Release|ARM.ActiveCfg = Release|ARM
		{1A62ED9E-93D9-4C0C-B4B9-DA18A694EE37}.Release|ARM.Build.0 = Release|ARM
		{1A62ED9E-93D9-4C0C-B4B9-DA18A694EE37}.Release|ARM.Deploy.0 = Release|ARM
		{1A62ED9E-93D9-4C0C-B4B9-DA18A694EE37}.Release|x64.ActiveCfg = Release|x64
		{1A62ED9E-93D9-4C0C-B4B9-DA18A694EE37}.Release|x64.Build.0 = Release|x64
		{1A62ED9E-93D9-4C0C-B4B9-DA18A694EE37}.Release|x64.Deploy.0 = Release|x64
		{1A62ED9E-93D9-4C0C-B4B9-DA18A694EE37}.Release|x86.ActiveCfg = Release|x86
		{1A62ED9E-93D9-4C0C-B4B9-DA18A694EE37}.Release|x86.Build.0 = Release|x86
		{1A62ED9E-93D9-4C0C-B4B9-DA18A694EE37}.Release|x86.Deploy.0 = Release|x86
		{D31CCB38-39BE-4508-B49A-E2E71265E5F2}.Debug|ARM.ActiveCfg = Debug|ARM
		{D31CCB38-39BE-4508-B49A-E2E71265E5F2}.Debug|ARM.Build.0 = Debug|ARM
		{D31CCB38-39BE-4508-B49A-E2E71265E5F2}.Debug|ARM.Deploy.0 = Debug|ARM
		{D31CCB38-39BE-4508-B49A-E2E71265E5F2}.Debug|x64.ActiveCfg = Debug|x86
		{D31CCB38-39BE-4508-B49A-E2E71265E5F2}.Debug|x86.ActiveCfg = Debug|x86
		{D31CCB38-39BE-4508-B49A-E2E71265E5F2}.Debug|x86.Build.0 = Debug|x86
		{D31CCB38-39BE-4508-B49A-E2E71265E5F2}.Debug|x86.Deploy.0 = Debug|x86
		{D31CCB38-39BE-4508-B49A-E2E71265E5F2}.Release|ARM.ActiveCfg = Release|ARM
		{D31CCB38-39BE-4508-B49A-E2E71265E5F2}.Release|ARM.Build.0 = Release|ARM
		{D31CCB38-39BE-4508-B49A-E2E71265E5F2}.Release|ARM.Deploy.0 = Release|ARM
		{D31CCB38-39BE-4508-B49A-E2E71265E5F2}.Release|x64.ActiveCfg = Release|x86
		{D31CCB38-39BE-4508-B49A-E2E71265E5F2}.Release|x86.ActiveCfg = Release|x86
		{D31CCB38-39BE-4508-B49A-E2E71265E5F2}.Release|x86.Build.0 = Release|x86
		{D31CCB38-39BE-4508-B49A-E2E71265E5F2}.Release|x86.Deploy.0 = Release|x86
		{0E64C570-7E84-45E2-A2AC-75AE3C529FF2}.Debug|ARM.ActiveCfg = Debug|Any CPU
		{0E64C570-7E84-45E2-A2AC-75AE3C529FF2}.Debug|ARM.Build.0 = Debug|Any CPU
		{0E64C570-7E84-45E2-A2AC-75AE3C529FF2}.Debug|x64.ActiveCfg = Debug|Any CPU
		{0E64C570-7E84-45E2-A2AC-75AE3C529FF2}.Debug|x86.ActiveCfg = Debug|Any CPU
		{0E64C570-7E84-45E2-A2AC-75AE3C529FF2}.Debug|x86.Build.0 = Debug|Any CPU
		{0E64C570-7E84-45E2-A2AC-75AE3C529FF2}.Release|ARM.ActiveCfg = Release|Any CPU
		{0E64C570-7E84-45E2-A2AC-75AE3C529FF2}.Release|ARM.Build.0 = Release|Any CPU
		{0E64C570-7E84-45E2-A2AC-75AE3C529FF2}.Release|x64.ActiveCfg = Release|Any CPU
		{0E64C570-7E84-45E2-A2AC-75AE3C529FF2}.Release|x86.ActiveCfg = Release|Any CPU
		{0E64C570-7E84-45E2-A2AC-75AE3C529FF2}.Release|x86.Build.0 = Release|Any CPU
		{DA68691E-22BB-4479-A357-49E761B45E3F}.Debug|ARM.ActiveCfg = Debug|Any CPU
		{DA68691E-22BB-4479-A357-49E761B45E3F}.Debug|ARM.Build.0 = Debug|Any CPU
		{DA68691E-22BB-4479-A357-49E761B45E3F}.Debug|x64.ActiveCfg = Debug|Any CPU
		{DA68691E-22BB-4479-A357-49E761B45E3F}.Debug|x64.Build.0 = Debug|Any CPU
		{DA68691E-22BB-4479-A357-49E761B45E3F}.Debug|x86.ActiveCfg = Debug|Any CPU
		{DA68691E-22BB-4479-A357-49E761B45E3F}.Debug|x86.Build.0 = Debug|Any CPU
		{DA68691E-22BB-4479-A357-49E761B45E3F}.Release|ARM.ActiveCfg = Release|Any CPU
		{DA68691E-22BB-4479-A357-49E761B45E3F}.Release|ARM.Build.0 = Release|Any CPU
		{DA68691E-22BB-4479-A357-49E761B45E3F}.Release|x64.ActiveCfg = Release|Any CPU
		{DA68691E-22BB-4479-A357-49E761B45E3F}.Release|x64.Build.0 = Release|Any CPU
		{DA68691E-22BB-4479-A357-49E761B45E3F}.Release|x86.ActiveCfg = Release|Any CPU
		{DA68691E-22BB-4479-A357-49E761B45E3F}.Release|x86.Build.0 = Release|Any CPU
		{283E62BC-4128-4DBB-BBC5-A1EE2CEBE822}.Debug|ARM.ActiveCfg = Debug|ARM
		{283E62BC-4128-4DBB-BBC5-A1EE2CEBE822}.Debug|ARM.Build.0 = Debug|ARM
		{283E62BC-4128-4DBB-BBC5-A1EE2CEBE822}.Debug|ARM.Deploy.0 = Debug|ARM
		{283E62BC-4128-4DBB-BBC5-A1EE2CEBE822}.Debug|x64.ActiveCfg = Debug|x86
		{283E62BC-4128-4DBB-BBC5-A1EE2CEBE822}.Debug|x86.ActiveCfg = Debug|x86
		{283E62BC-4128-4DBB-BBC5-A1EE2CEBE822}.Debug|x86.Build.0 = Debug|x86
		{283E62BC-4128-4DBB-BBC5-A1EE2CEBE822}.Debug|x86.Deploy.0 = Debug|x86
		{283E62BC-4128-4DBB-BBC5-A1EE2CEBE822}.Release|ARM.ActiveCfg = Release|ARM
		{283E62BC-4128-4DBB-BBC5-A1EE2CEBE822}.Release|ARM.Build.0 = Release|ARM
		{283E62BC-4128-4DBB-BBC5-A1EE2CEBE822}.Release|ARM.Deploy.0 = Release|ARM
		{283E62BC-4128-4DBB-BBC5-A1EE2CEBE822}.Release|x64.ActiveCfg = Release|x86
		{283E62BC-4128-4DBB-BBC5-A1EE2CEBE822}.Release|x86.ActiveCfg = Release|x86
		{283E62BC-4128-4DBB-BBC5-A1EE2CEBE822}.Release|x86.Build.0 = Release|x86
		{283E62BC-4128-4DBB-BBC5-A1EE2CEBE822}.Release|x86.Deploy.0 = Release|x86
		{60909973-3882-4306-8236-C188ED185CA8}.Debug|ARM.ActiveCfg = Debug|ARM
		{60909973-3882-4306-8236-C188ED185CA8}.Debug|ARM.Build.0 = Debug|ARM
		{60909973-3882-4306-8236-C188ED185CA8}.Debug|ARM.Deploy.0 = Debug|ARM
		{60909973-3882-4306-8236-C188ED185CA8}.Debug|x64.ActiveCfg = Debug|x64
		{60909973-3882-4306-8236-C188ED185CA8}.Debug|x64.Build.0 = Debug|x64
		{60909973-3882-4306-8236-C188ED185CA8}.Debug|x64.Deploy.0 = Debug|x64
		{60909973-3882-4306-8236-C188ED185CA8}.Debug|x86.ActiveCfg = Debug|x86
		{60909973-3882-4306-8236-C188ED185CA8}.Debug|x86.Build.0 = Debug|x86
		{60909973-3882-4306-8236-C188ED185CA8}.Debug|x86.Deploy.0 = Debug|x86
		{60909973-3882-4306-8236-C188ED185CA8}.Release|ARM.ActiveCfg = Release|ARM
		{60909973-3882-4306-8236-C188ED185CA8}.Release|ARM.Build.0 = Release|ARM
		{60909973-3882-4306-8236-C188ED185CA8}.Release|ARM.Deploy.0 = Release|ARM
		{60909973-3882-4306-8236-C188ED185CA8}.Release|x64.ActiveCfg = Release|x64
		{60909973-3882-4306-8236-C188ED185CA8}.Release|x64.Build.0 = Release|x64
		{60909973-3882-4306-8236-C188ED185CA8}.Release|x64.Deploy.0 = Release|x64
		{60909973-3882-4306-8236-C188ED185CA8}.Release|x86.ActiveCfg = Release|x86
		{60909973-3882-4306-8236-C188ED185CA8}.Release|x86.Build.0 = Release|x86
		{60909973-3882-4306-8236-C188ED185CA8}.Release|x86.Deploy.0 = Release|x86
	EndGlobalSection
	GlobalSection(SolutionProperties) = preSolution
		HideSolutionNode = FALSE
	EndGlobalSection
	GlobalSection(NestedProjects) = preSolution
		{7D9F3B7C-F572-4E3E-9DC4-8FB11CE51977} = {120B62E2-8C32-42C1-91BA-E13D9E4BAABA}
		{1A62ED9E-93D9-4C0C-B4B9-DA18A694EE37} = {120B62E2-8C32-42C1-91BA-E13D9E4BAABA}
		{D31CCB38-39BE-4508-B49A-E2E71265E5F2} = {120B62E2-8C32-42C1-91BA-E13D9E4BAABA}
		{0E64C570-7E84-45E2-A2AC-75AE3C529FF2} = {DF9EC143-3726-48CF-9897-0436B082B7BF}
		{DA68691E-22BB-4479-A357-49E761B45E3F} = {DF9EC143-3726-48CF-9897-0436B082B7BF}
		{B0A3B688-F2EC-4066-ACDE-92C281C332B2} = {94C3F630-2798-4B7B-8E73-833899264339}
		{283E62BC-4128-4DBB-BBC5-A1EE2CEBE822} = {94C3F630-2798-4B7B-8E73-833899264339}
		{60909973-3882-4306-8236-C188ED185CA8} = {94C3F630-2798-4B7B-8E73-833899264339}
	EndGlobalSection
EndGlobal
