
Microsoft Visual Studio Solution File, Format Version 12.00
# Visual Studio 2012
Project("{FAE04EC0-301F-11D3-BF4B-00C04F79EFBC}") = "SamplePlayer.WP7", "Phone\SamplePlayer.WP7\SamplePlayer.WP7.csproj", "{CE75F4CA-239E-4BBA-8E7F-C0576050FA9A}"
EndProject
Project("{FAE04EC0-301F-11D3-BF4B-00C04F79EFBC}") = "SM.Media.MediaPlayer.WP7", "Libraries\SM.Media.MediaPlayer.WP7\SM.Media.MediaPlayer.WP7.csproj", "{C7D17600-4DF4-4E0F-B906-30E68C69BDD4}"
EndProject
Project("{FAE04EC0-301F-11D3-BF4B-00C04F79EFBC}") = "HlsView", "Phone\HlsView\HlsView.csproj", "{6FDC38F5-F918-4EB3-B7AA-348B1DD31D80}"
EndProject
Project("{2150E333-8FDC-42A3-9474-1A3956D46DE8}") = "Libraries", "Libraries", "{11CCB7D7-B2C0-431D-A118-FF1CA85F221A}"
EndProject
Project("{FAE04EC0-301F-11D3-BF4B-00C04F79EFBC}") = "BackgroundAudio.Sample.WP7", "Phone\BackgroundAudio.Sample.WP7\BackgroundAudio.Sample.WP7.csproj", "{CD17ACA5-B57B-430A-91EC-0FD54BBCE9BD}"
EndProject
Project("{FAE04EC0-301F-11D3-BF4B-00C04F79EFBC}") = "SM.Media.BackgroundAudioStreamingAgent.WP7", "Libraries\SM.Media.BackgroundAudioStreamingAgent.WP7\SM.Media.BackgroundAudioStreamingAgent.WP7.csproj", "{BBC6E962-522E-49B4-BC0B-496A34CFF57C}"
EndProject
Global
	GlobalSection(SolutionConfigurationPlatforms) = preSolution
		Debug|Any CPU = Debug|Any CPU
		Release|Any CPU = Release|Any CPU
	EndGlobalSection
	GlobalSection(ProjectConfigurationPlatforms) = postSolution
		{CE75F4CA-239E-4BBA-8E7F-C0576050FA9A}.Debug|Any CPU.ActiveCfg = Debug|Any CPU
		{CE75F4CA-239E-4BBA-8E7F-C0576050FA9A}.Debug|Any CPU.Build.0 = Debug|Any CPU
		{CE75F4CA-239E-4BBA-8E7F-C0576050FA9A}.Debug|Any CPU.Deploy.0 = Debug|Any CPU
		{CE75F4CA-239E-4BBA-8E7F-C0576050FA9A}.Release|Any CPU.ActiveCfg = Release|Any CPU
		{CE75F4CA-239E-4BBA-8E7F-C0576050FA9A}.Release|Any CPU.Build.0 = Release|Any CPU
		{CE75F4CA-239E-4BBA-8E7F-C0576050FA9A}.Release|Any CPU.Deploy.0 = Release|Any CPU
		{C7D17600-4DF4-4E0F-B906-30E68C69BDD4}.Debug|Any CPU.ActiveCfg = Debug|Any CPU
		{C7D17600-4DF4-4E0F-B906-30E68C69BDD4}.Debug|Any CPU.Build.0 = Debug|Any CPU
		{C7D17600-4DF4-4E0F-B906-30E68C69BDD4}.Release|Any CPU.ActiveCfg = Release|Any CPU
		{C7D17600-4DF4-4E0F-B906-30E68C69BDD4}.Release|Any CPU.Build.0 = Release|Any CPU
		{6FDC38F5-F918-4EB3-B7AA-348B1DD31D80}.Debug|Any CPU.ActiveCfg = Debug|Any CPU
		{6FDC38F5-F918-4EB3-B7AA-348B1DD31D80}.Debug|Any CPU.Build.0 = Debug|Any CPU
		{6FDC38F5-F918-4EB3-B7AA-348B1DD31D80}.Debug|Any CPU.Deploy.0 = Debug|Any CPU
		{6FDC38F5-F918-4EB3-B7AA-348B1DD31D80}.Release|Any CPU.ActiveCfg = Release|Any CPU
		{6FDC38F5-F918-4EB3-B7AA-348B1DD31D80}.Release|Any CPU.Build.0 = Release|Any CPU
		{6FDC38F5-F918-4EB3-B7AA-348B1DD31D80}.Release|Any CPU.Deploy.0 = Release|Any CPU
		{CD17ACA5-B57B-430A-91EC-0FD54BBCE9BD}.Debug|Any CPU.ActiveCfg = Debug|Any CPU
		{CD17ACA5-B57B-430A-91EC-0FD54BBCE9BD}.Debug|Any CPU.Build.0 = Debug|Any CPU
		{CD17ACA5-B57B-430A-91EC-0FD54BBCE9BD}.Debug|Any CPU.Deploy.0 = Debug|Any CPU
		{CD17ACA5-B57B-430A-91EC-0FD54BBCE9BD}.Release|Any CPU.ActiveCfg = Release|Any CPU
		{CD17ACA5-B57B-430A-91EC-0FD54BBCE9BD}.Release|Any CPU.Build.0 = Release|Any CPU
		{CD17ACA5-B57B-430A-91EC-0FD54BBCE9BD}.Release|Any CPU.Deploy.0 = Release|Any CPU
		{BBC6E962-522E-49B4-BC0B-496A34CFF57C}.Debug|Any CPU.ActiveCfg = Debug|Any CPU
		{BBC6E962-522E-49B4-BC0B-496A34CFF57C}.Debug|Any CPU.Build.0 = Debug|Any CPU
		{BBC6E962-522E-49B4-BC0B-496A34CFF57C}.Release|Any CPU.ActiveCfg = Release|Any CPU
		{BBC6E962-522E-49B4-BC0B-496A34CFF57C}.Release|Any CPU.Build.0 = Release|Any CPU
	EndGlobalSection
	GlobalSection(SolutionProperties) = preSolution
		HideSolutionNode = FALSE
	EndGlobalSection
	GlobalSection(NestedProjects) = preSolution
		{C7D17600-4DF4-4E0F-B906-30E68C69BDD4} = {11CCB7D7-B2C0-431D-A118-FF1CA85F221A}
		{BBC6E962-522E-49B4-BC0B-496A34CFF57C} = {11CCB7D7-B2C0-431D-A118-FF1CA85F221A}
	EndGlobalSection
EndGlobal
